// !$*UTF8*$!
{
	archiveVersion = 1;
	classes = {
	};
	objectVersion = 46;
	objects = {

/* Begin PBXBuildFile section */
		C93712701C3FD454009ED5BA /* KSHuman.c in Sources */ = {isa = PBXBuildFile; fileRef = C937126E1C3FD454009ED5BA /* KSHuman.c */; };
		C944897B1C567E1500DB7540 /* KSArrayObject.c in Sources */ = {isa = PBXBuildFile; fileRef = C94489791C567E1500DB7540 /* KSArrayObject.c */; };
		C952D6CC1C4FF9AD0081C4C5 /* KSObject.c in Sources */ = {isa = PBXBuildFile; fileRef = C952D6CA1C4FF9AD0081C4C5 /* KSObject.c */; };
		C95781551C65E292006E4690 /* KSLinkedList.c in Sources */ = {isa = PBXBuildFile; fileRef = C95781531C65E292006E4690 /* KSLinkedList.c */; };
		C95B30A51C5267FB00BFE3A8 /* KSStringObject.c in Sources */ = {isa = PBXBuildFile; fileRef = C95B30A31C5267FB00BFE3A8 /* KSStringObject.c */; };
		C95B30A91C52853700BFE3A8 /* KSStringObjectTest.c in Sources */ = {isa = PBXBuildFile; fileRef = C95B30A71C52853700BFE3A8 /* KSStringObjectTest.c */; };
		C9935B301C4196CB00CF8708 /* KSHumanTest.c in Sources */ = {isa = PBXBuildFile; fileRef = C9935B2E1C4196CB00CF8708 /* KSHumanTest.c */; };
		C993CAD91C32D2C600593631 /* main.c in Sources */ = {isa = PBXBuildFile; fileRef = C993CAD81C32D2C600593631 /* main.c */; };
		C993CAF51C32D4FA00593631 /* KSTestStruct.c in Sources */ = {isa = PBXBuildFile; fileRef = C993CAF21C32D4FA00593631 /* KSTestStruct.c */; };
		C993CAF91C32D55800593631 /* KSTestMacroOutputType.c in Sources */ = {isa = PBXBuildFile; fileRef = C993CAF71C32D55800593631 /* KSTestMacroOutputType.c */; };
		C998FD6B1C3AC35E0034BED2 /* KSValueBitOutput.c in Sources */ = {isa = PBXBuildFile; fileRef = C998FD691C3AC35E0034BED2 /* KSValueBitOutput.c */; };
		C9C7616B1C57D4AE00FD114E /* KSArrayObjectTest.c in Sources */ = {isa = PBXBuildFile; fileRef = C9C761691C57D4AE00FD114E /* KSArrayObjectTest.c */; };
		C9F0B9181C3B04930001AD0B /* KSValueBitOutputTest.c in Sources */ = {isa = PBXBuildFile; fileRef = C9F0B9161C3B04930001AD0B /* KSValueBitOutputTest.c */; };
/* End PBXBuildFile section */

/* Begin PBXCopyFilesBuildPhase section */
		C993CAD31C32D2C600593631 /* CopyFiles */ = {
			isa = PBXCopyFilesBuildPhase;
			buildActionMask = 2147483647;
			dstPath = /usr/share/man/man1/;
			dstSubfolderSpec = 0;
			files = (
			);
			runOnlyForDeploymentPostprocessing = 1;
		};
/* End PBXCopyFilesBuildPhase section */

/* Begin PBXFileReference section */
		C937126E1C3FD454009ED5BA /* KSHuman.c */ = {isa = PBXFileReference; fileEncoding = 4; lastKnownFileType = sourcecode.c.c; path = KSHuman.c; sourceTree = "<group>"; };
		C937126F1C3FD454009ED5BA /* KSHuman.h */ = {isa = PBXFileReference; fileEncoding = 4; lastKnownFileType = sourcecode.c.h; path = KSHuman.h; sourceTree = "<group>"; };
		C94489791C567E1500DB7540 /* KSArrayObject.c */ = {isa = PBXFileReference; fileEncoding = 4; lastKnownFileType = sourcecode.c.c; path = KSArrayObject.c; sourceTree = "<group>"; };
		C944897A1C567E1500DB7540 /* KSArrayObject.h */ = {isa = PBXFileReference; fileEncoding = 4; lastKnownFileType = sourcecode.c.h; path = KSArrayObject.h; sourceTree = "<group>"; };
		C952D6CA1C4FF9AD0081C4C5 /* KSObject.c */ = {isa = PBXFileReference; fileEncoding = 4; lastKnownFileType = sourcecode.c.c; path = KSObject.c; sourceTree = "<group>"; };
		C952D6CB1C4FF9AD0081C4C5 /* KSObject.h */ = {isa = PBXFileReference; fileEncoding = 4; lastKnownFileType = sourcecode.c.h; path = KSObject.h; sourceTree = "<group>"; };
		C95781531C65E292006E4690 /* KSLinkedList.c */ = {isa = PBXFileReference; fileEncoding = 4; lastKnownFileType = sourcecode.c.c; path = KSLinkedList.c; sourceTree = "<group>"; };
		C95781541C65E292006E4690 /* KSLinkedList.h */ = {isa = PBXFileReference; fileEncoding = 4; lastKnownFileType = sourcecode.c.h; path = KSLinkedList.h; sourceTree = "<group>"; };
		C95B30A31C5267FB00BFE3A8 /* KSStringObject.c */ = {isa = PBXFileReference; fileEncoding = 4; lastKnownFileType = sourcecode.c.c; path = KSStringObject.c; sourceTree = "<group>"; };
		C95B30A41C5267FB00BFE3A8 /* KSStringObject.h */ = {isa = PBXFileReference; fileEncoding = 4; lastKnownFileType = sourcecode.c.h; path = KSStringObject.h; sourceTree = "<group>"; };
		C95B30A71C52853700BFE3A8 /* KSStringObjectTest.c */ = {isa = PBXFileReference; fileEncoding = 4; lastKnownFileType = sourcecode.c.c; path = KSStringObjectTest.c; sourceTree = "<group>"; };
		C95B30A81C52853700BFE3A8 /* KSStringObjectTest.h */ = {isa = PBXFileReference; fileEncoding = 4; lastKnownFileType = sourcecode.c.h; path = KSStringObjectTest.h; sourceTree = "<group>"; };
		C9935B2E1C4196CB00CF8708 /* KSHumanTest.c */ = {isa = PBXFileReference; fileEncoding = 4; lastKnownFileType = sourcecode.c.c; path = KSHumanTest.c; sourceTree = "<group>"; };
		C9935B2F1C4196CB00CF8708 /* KSHumanTest.h */ = {isa = PBXFileReference; fileEncoding = 4; lastKnownFileType = sourcecode.c.h; path = KSHumanTest.h; sourceTree = "<group>"; };
		C993CAD51C32D2C600593631 /* KSIdapStudy */ = {isa = PBXFileReference; explicitFileType = "compiled.mach-o.executable"; includeInIndex = 0; path = KSIdapStudy; sourceTree = BUILT_PRODUCTS_DIR; };
		C993CAD81C32D2C600593631 /* main.c */ = {isa = PBXFileReference; lastKnownFileType = sourcecode.c.c; path = main.c; sourceTree = "<group>"; };
		C993CAEB1C32D4F000593631 /* KSStruct.h */ = {isa = PBXFileReference; fileEncoding = 4; lastKnownFileType = sourcecode.c.h; path = KSStruct.h; sourceTree = "<group>"; };
		C993CAF21C32D4FA00593631 /* KSTestStruct.c */ = {isa = PBXFileReference; fileEncoding = 4; lastKnownFileType = sourcecode.c.c; path = KSTestStruct.c; sourceTree = "<group>"; };
		C993CAF31C32D4FA00593631 /* KSTestStruct.h */ = {isa = PBXFileReference; fileEncoding = 4; lastKnownFileType = sourcecode.c.h; path = KSTestStruct.h; sourceTree = "<group>"; };
		C993CAF71C32D55800593631 /* KSTestMacroOutputType.c */ = {isa = PBXFileReference; fileEncoding = 4; lastKnownFileType = sourcecode.c.c; path = KSTestMacroOutputType.c; sourceTree = "<group>"; };
		C993CAF81C32D55800593631 /* KSTestMacroOutputType.h */ = {isa = PBXFileReference; fileEncoding = 4; lastKnownFileType = sourcecode.c.h; path = KSTestMacroOutputType.h; sourceTree = "<group>"; };
		C998FD691C3AC35E0034BED2 /* KSValueBitOutput.c */ = {isa = PBXFileReference; fileEncoding = 4; lastKnownFileType = sourcecode.c.c; path = KSValueBitOutput.c; sourceTree = "<group>"; };
		C998FD6A1C3AC35E0034BED2 /* KSValueBitOutput.h */ = {isa = PBXFileReference; fileEncoding = 4; lastKnownFileType = sourcecode.c.h; path = KSValueBitOutput.h; sourceTree = "<group>"; };
		C9A4A8E31C5CDC83002B6587 /* KSMacro.h */ = {isa = PBXFileReference; lastKnownFileType = sourcecode.c.h; path = KSMacro.h; sourceTree = "<group>"; };
		C9C761691C57D4AE00FD114E /* KSArrayObjectTest.c */ = {isa = PBXFileReference; fileEncoding = 4; lastKnownFileType = sourcecode.c.c; path = KSArrayObjectTest.c; sourceTree = "<group>"; };
		C9C7616A1C57D4AE00FD114E /* KSArrayObjectTest.h */ = {isa = PBXFileReference; fileEncoding = 4; lastKnownFileType = sourcecode.c.h; path = KSArrayObjectTest.h; sourceTree = "<group>"; };
		C9F0B9161C3B04930001AD0B /* KSValueBitOutputTest.c */ = {isa = PBXFileReference; fileEncoding = 4; lastKnownFileType = sourcecode.c.c; path = KSValueBitOutputTest.c; sourceTree = "<group>"; };
		C9F0B9171C3B04930001AD0B /* KSValueBitOutputTest.h */ = {isa = PBXFileReference; fileEncoding = 4; lastKnownFileType = sourcecode.c.h; path = KSValueBitOutputTest.h; sourceTree = "<group>"; };
/* End PBXFileReference section */

/* Begin PBXFrameworksBuildPhase section */
		C993CAD21C32D2C600593631 /* Frameworks */ = {
			isa = PBXFrameworksBuildPhase;
			buildActionMask = 2147483647;
			files = (
			);
			runOnlyForDeploymentPostprocessing = 0;
		};
/* End PBXFrameworksBuildPhase section */

/* Begin PBXGroup section */
		C937126D1C3FD43D009ED5BA /* KSHuman */ = {
			isa = PBXGroup;
			children = (
				C937126E1C3FD454009ED5BA /* KSHuman.c */,
				C937126F1C3FD454009ED5BA /* KSHuman.h */,
			);
			path = KSHuman;
			sourceTree = "<group>";
		};
		C94489781C567E0600DB7540 /* KSArrayObject */ = {
			isa = PBXGroup;
			children = (
				C94489791C567E1500DB7540 /* KSArrayObject.c */,
				C944897A1C567E1500DB7540 /* KSArrayObject.h */,
			);
			path = KSArrayObject;
			sourceTree = "<group>";
		};
		C952D6C91C4FF99C0081C4C5 /* KSObject */ = {
			isa = PBXGroup;
			children = (
				C952D6CA1C4FF9AD0081C4C5 /* KSObject.c */,
				C952D6CB1C4FF9AD0081C4C5 /* KSObject.h */,
			);
			path = KSObject;
			sourceTree = "<group>";
		};
		C95781521C65E286006E4690 /* KSLinkedList */ = {
			isa = PBXGroup;
			children = (
				C95781531C65E292006E4690 /* KSLinkedList.c */,
				C95781541C65E292006E4690 /* KSLinkedList.h */,
			);
			path = KSLinkedList;
			sourceTree = "<group>";
		};
		C95B30A21C5267EE00BFE3A8 /* KSStringObject */ = {
			isa = PBXGroup;
			children = (
				C95B30A31C5267FB00BFE3A8 /* KSStringObject.c */,
				C95B30A41C5267FB00BFE3A8 /* KSStringObject.h */,
			);
			path = KSStringObject;
			sourceTree = "<group>";
		};
		C95B30A61C52852700BFE3A8 /* KSStringObjectTest */ = {
			isa = PBXGroup;
			children = (
				C95B30A71C52853700BFE3A8 /* KSStringObjectTest.c */,
				C95B30A81C52853700BFE3A8 /* KSStringObjectTest.h */,
			);
			path = KSStringObjectTest;
			sourceTree = "<group>";
		};
		C9935B2D1C4196C000CF8708 /* KSHumanTest */ = {
			isa = PBXGroup;
			children = (
				C9935B2E1C4196CB00CF8708 /* KSHumanTest.c */,
				C9935B2F1C4196CB00CF8708 /* KSHumanTest.h */,
			);
			path = KSHumanTest;
			sourceTree = "<group>";
		};
		C993CACC1C32D2C600593631 = {
			isa = PBXGroup;
			children = (
				C993CAD71C32D2C600593631 /* KSIdapStudy */,
				C993CAD61C32D2C600593631 /* Products */,
			);
			sourceTree = "<group>";
		};
		C993CAD61C32D2C600593631 /* Products */ = {
			isa = PBXGroup;
			children = (
				C993CAD51C32D2C600593631 /* KSIdapStudy */,
			);
			name = Products;
			sourceTree = "<group>";
		};
		C993CAD71C32D2C600593631 /* KSIdapStudy */ = {
			isa = PBXGroup;
			children = (
				C993CAE61C32D4F000593631 /* KSSourse */,
				C993CAED1C32D4FA00593631 /* KSTest */,
				C993CAD81C32D2C600593631 /* main.c */,
			);
			path = KSIdapStudy;
			sourceTree = "<group>";
		};
		C993CAE61C32D4F000593631 /* KSSourse */ = {
			isa = PBXGroup;
			children = (
				C95781521C65E286006E4690 /* KSLinkedList */,
				C9A4A8E21C5CDC83002B6587 /* KSMacro */,
				C94489781C567E0600DB7540 /* KSArrayObject */,
				C95B30A21C5267EE00BFE3A8 /* KSStringObject */,
				C952D6C91C4FF99C0081C4C5 /* KSObject */,
				C937126D1C3FD43D009ED5BA /* KSHuman */,
				C998FD681C3AC34D0034BED2 /* KSValueBitOutput */,
				C993CAE91C32D4F000593631 /* KSStruct */,
			);
			path = KSSourse;
			sourceTree = "<group>";
		};
		C993CAE91C32D4F000593631 /* KSStruct */ = {
			isa = PBXGroup;
			children = (
				C993CAEB1C32D4F000593631 /* KSStruct.h */,
			);
			path = KSStruct;
			sourceTree = "<group>";
		};
		C993CAED1C32D4FA00593631 /* KSTest */ = {
			isa = PBXGroup;
			children = (
				C9C761681C57D49E00FD114E /* KSArrayObjectTest */,
				C95B30A61C52852700BFE3A8 /* KSStringObjectTest */,
				C9935B2D1C4196C000CF8708 /* KSHumanTest */,
				C9F0B9151C3B04830001AD0B /* KSValueBitOutputTest */,
				C993CAF61C32D55800593631 /* KSTestMacroOutputType */,
				C993CAF11C32D4FA00593631 /* KSTestStruct */,
			);
			path = KSTest;
			sourceTree = "<group>";
		};
		C993CAF11C32D4FA00593631 /* KSTestStruct */ = {
			isa = PBXGroup;
			children = (
				C993CAF21C32D4FA00593631 /* KSTestStruct.c */,
				C993CAF31C32D4FA00593631 /* KSTestStruct.h */,
			);
			path = KSTestStruct;
			sourceTree = "<group>";
		};
		C993CAF61C32D55800593631 /* KSTestMacroOutputType */ = {
			isa = PBXGroup;
			children = (
				C993CAF71C32D55800593631 /* KSTestMacroOutputType.c */,
				C993CAF81C32D55800593631 /* KSTestMacroOutputType.h */,
			);
			path = KSTestMacroOutputType;
			sourceTree = "<group>";
		};
		C998FD681C3AC34D0034BED2 /* KSValueBitOutput */ = {
			isa = PBXGroup;
			children = (
				C998FD691C3AC35E0034BED2 /* KSValueBitOutput.c */,
				C998FD6A1C3AC35E0034BED2 /* KSValueBitOutput.h */,
			);
			path = KSValueBitOutput;
			sourceTree = "<group>";
		};
		C9A4A8E21C5CDC83002B6587 /* KSMacro */ = {
			isa = PBXGroup;
			children = (
				C9A4A8E31C5CDC83002B6587 /* KSMacro.h */,
			);
			path = KSMacro;
			sourceTree = "<group>";
		};
		C9C761681C57D49E00FD114E /* KSArrayObjectTest */ = {
			isa = PBXGroup;
			children = (
				C9C761691C57D4AE00FD114E /* KSArrayObjectTest.c */,
				C9C7616A1C57D4AE00FD114E /* KSArrayObjectTest.h */,
			);
			path = KSArrayObjectTest;
			sourceTree = "<group>";
		};
		C9F0B9151C3B04830001AD0B /* KSValueBitOutputTest */ = {
			isa = PBXGroup;
			children = (
				C9F0B9161C3B04930001AD0B /* KSValueBitOutputTest.c */,
				C9F0B9171C3B04930001AD0B /* KSValueBitOutputTest.h */,
			);
			path = KSValueBitOutputTest;
			sourceTree = "<group>";
		};
/* End PBXGroup section */

/* Begin PBXNativeTarget section */
		C993CAD41C32D2C600593631 /* KSIdapStudy */ = {
			isa = PBXNativeTarget;
			buildConfigurationList = C993CADC1C32D2C600593631 /* Build configuration list for PBXNativeTarget "KSIdapStudy" */;
			buildPhases = (
				C993CAD11C32D2C600593631 /* Sources */,
				C993CAD21C32D2C600593631 /* Frameworks */,
				C993CAD31C32D2C600593631 /* CopyFiles */,
			);
			buildRules = (
			);
			dependencies = (
			);
			name = KSIdapStudy;
			productName = KSIdapStudy;
			productReference = C993CAD51C32D2C600593631 /* KSIdapStudy */;
			productType = "com.apple.product-type.tool";
		};
/* End PBXNativeTarget section */

/* Begin PBXProject section */
		C993CACD1C32D2C600593631 /* Project object */ = {
			isa = PBXProject;
			attributes = {
				LastUpgradeCheck = 0720;
				ORGANIZATIONNAME = KulikovS;
				TargetAttributes = {
					C993CAD41C32D2C600593631 = {
						CreatedOnToolsVersion = 7.2;
					};
				};
			};
			buildConfigurationList = C993CAD01C32D2C600593631 /* Build configuration list for PBXProject "KSIdapStudy" */;
			compatibilityVersion = "Xcode 3.2";
			developmentRegion = English;
			hasScannedForEncodings = 0;
			knownRegions = (
				en,
			);
			mainGroup = C993CACC1C32D2C600593631;
			productRefGroup = C993CAD61C32D2C600593631 /* Products */;
			projectDirPath = "";
			projectRoot = "";
			targets = (
				C993CAD41C32D2C600593631 /* KSIdapStudy */,
			);
		};
/* End PBXProject section */

/* Begin PBXSourcesBuildPhase section */
		C993CAD11C32D2C600593631 /* Sources */ = {
			isa = PBXSourcesBuildPhase;
			buildActionMask = 2147483647;
			files = (
				C952D6CC1C4FF9AD0081C4C5 /* KSObject.c in Sources */,
				C944897B1C567E1500DB7540 /* KSArrayObject.c in Sources */,
				C95B30A91C52853700BFE3A8 /* KSStringObjectTest.c in Sources */,
				C993CAF51C32D4FA00593631 /* KSTestStruct.c in Sources */,
				C9C7616B1C57D4AE00FD114E /* KSArrayObjectTest.c in Sources */,
				C993CAD91C32D2C600593631 /* main.c in Sources */,
				C95781551C65E292006E4690 /* KSLinkedList.c in Sources */,
				C9F0B9181C3B04930001AD0B /* KSValueBitOutputTest.c in Sources */,
				C93712701C3FD454009ED5BA /* KSHuman.c in Sources */,
				C998FD6B1C3AC35E0034BED2 /* KSValueBitOutput.c in Sources */,
				C993CAF91C32D55800593631 /* KSTestMacroOutputType.c in Sources */,
				C95B30A51C5267FB00BFE3A8 /* KSStringObject.c in Sources */,
				C9935B301C4196CB00CF8708 /* KSHumanTest.c in Sources */,
			);
			runOnlyForDeploymentPostprocessing = 0;
		};
/* End PBXSourcesBuildPhase section */

/* Begin XCBuildConfiguration section */
		C993CADA1C32D2C600593631 /* Debug */ = {
			isa = XCBuildConfiguration;
			buildSettings = {
				ALWAYS_SEARCH_USER_PATHS = NO;
				CLANG_CXX_LANGUAGE_STANDARD = "gnu++0x";
				CLANG_CXX_LIBRARY = "libc++";
				CLANG_ENABLE_MODULES = YES;
				CLANG_ENABLE_OBJC_ARC = YES;
				CLANG_WARN_BOOL_CONVERSION = YES;
				CLANG_WARN_CONSTANT_CONVERSION = YES;
				CLANG_WARN_DIRECT_OBJC_ISA_USAGE = YES_ERROR;
				CLANG_WARN_EMPTY_BODY = YES;
				CLANG_WARN_ENUM_CONVERSION = YES;
				CLANG_WARN_INT_CONVERSION = YES;
				CLANG_WARN_OBJC_ROOT_CLASS = YES_ERROR;
				CLANG_WARN_UNREACHABLE_CODE = YES;
				CLANG_WARN__DUPLICATE_METHOD_MATCH = YES;
				CODE_SIGN_IDENTITY = "-";
				COPY_PHASE_STRIP = NO;
				DEBUG_INFORMATION_FORMAT = dwarf;
				ENABLE_STRICT_OBJC_MSGSEND = YES;
				ENABLE_TESTABILITY = YES;
				GCC_C_LANGUAGE_STANDARD = gnu99;
				GCC_DYNAMIC_NO_PIC = NO;
				GCC_NO_COMMON_BLOCKS = YES;
				GCC_OPTIMIZATION_LEVEL = 0;
				GCC_PREPROCESSOR_DEFINITIONS = (
					"DEBUG=1",
					"$(inherited)",
				);
				GCC_WARN_64_TO_32_BIT_CONVERSION = YES;
				GCC_WARN_ABOUT_RETURN_TYPE = YES_ERROR;
				GCC_WARN_UNDECLARED_SELECTOR = YES;
				GCC_WARN_UNINITIALIZED_AUTOS = YES_AGGRESSIVE;
				GCC_WARN_UNUSED_FUNCTION = YES;
				GCC_WARN_UNUSED_VARIABLE = YES;
				MACOSX_DEPLOYMENT_TARGET = 10.11;
				MTL_ENABLE_DEBUG_INFO = YES;
				ONLY_ACTIVE_ARCH = YES;
				SDKROOT = macosx;
			};
			name = Debug;
		};
		C993CADB1C32D2C600593631 /* Release */ = {
			isa = XCBuildConfiguration;
			buildSettings = {
				ALWAYS_SEARCH_USER_PATHS = NO;
				CLANG_CXX_LANGUAGE_STANDARD = "gnu++0x";
				CLANG_CXX_LIBRARY = "libc++";
				CLANG_ENABLE_MODULES = YES;
				CLANG_ENABLE_OBJC_ARC = YES;
				CLANG_WARN_BOOL_CONVERSION = YES;
				CLANG_WARN_CONSTANT_CONVERSION = YES;
				CLANG_WARN_DIRECT_OBJC_ISA_USAGE = YES_ERROR;
				CLANG_WARN_EMPTY_BODY = YES;
				CLANG_WARN_ENUM_CONVERSION = YES;
				CLANG_WARN_INT_CONVERSION = YES;
				CLANG_WARN_OBJC_ROOT_CLASS = YES_ERROR;
				CLANG_WARN_UNREACHABLE_CODE = YES;
				CLANG_WARN__DUPLICATE_METHOD_MATCH = YES;
				CODE_SIGN_IDENTITY = "-";
				COPY_PHASE_STRIP = NO;
				DEBUG_INFORMATION_FORMAT = "dwarf-with-dsym";
				ENABLE_NS_ASSERTIONS = NO;
				ENABLE_STRICT_OBJC_MSGSEND = YES;
				GCC_C_LANGUAGE_STANDARD = gnu99;
				GCC_NO_COMMON_BLOCKS = YES;
				GCC_WARN_64_TO_32_BIT_CONVERSION = YES;
				GCC_WARN_ABOUT_RETURN_TYPE = YES_ERROR;
				GCC_WARN_UNDECLARED_SELECTOR = YES;
				GCC_WARN_UNINITIALIZED_AUTOS = YES_AGGRESSIVE;
				GCC_WARN_UNUSED_FUNCTION = YES;
				GCC_WARN_UNUSED_VARIABLE = YES;
				MACOSX_DEPLOYMENT_TARGET = 10.11;
				MTL_ENABLE_DEBUG_INFO = NO;
				SDKROOT = macosx;
			};
			name = Release;
		};
		C993CADD1C32D2C600593631 /* Debug */ = {
			isa = XCBuildConfiguration;
			buildSettings = {
				MACOSX_DEPLOYMENT_TARGET = 10.10;
				PRODUCT_NAME = "$(TARGET_NAME)";
			};
			name = Debug;
		};
		C993CADE1C32D2C600593631 /* Release */ = {
			isa = XCBuildConfiguration;
			buildSettings = {
				MACOSX_DEPLOYMENT_TARGET = 10.10;
				PRODUCT_NAME = "$(TARGET_NAME)";
			};
			name = Release;
		};
/* End XCBuildConfiguration section */

/* Begin XCConfigurationList section */
		C993CAD01C32D2C600593631 /* Build configuration list for PBXProject "KSIdapStudy" */ = {
			isa = XCConfigurationList;
			buildConfigurations = (
				C993CADA1C32D2C600593631 /* Debug */,
				C993CADB1C32D2C600593631 /* Release */,
			);
			defaultConfigurationIsVisible = 0;
			defaultConfigurationName = Release;
		};
		C993CADC1C32D2C600593631 /* Build configuration list for PBXNativeTarget "KSIdapStudy" */ = {
			isa = XCConfigurationList;
			buildConfigurations = (
				C993CADD1C32D2C600593631 /* Debug */,
				C993CADE1C32D2C600593631 /* Release */,
			);
			defaultConfigurationIsVisible = 0;
			defaultConfigurationName = Release;
		};
/* End XCConfigurationList section */
	};
	rootObject = C993CACD1C32D2C600593631 /* Project object */;
}
