// !$*UTF8*$!
{
	archiveVersion = 1;
	classes = {
	};
	objectVersion = 46;
	objects = {

/* Begin PBXBuildFile section */
		C90144E41C73B750007E24F9 /* KSArrayObject.c in Sources */ = {isa = PBXBuildFile; fileRef = C90144B01C73B750007E24F9 /* KSArrayObject.c */; };
		C90144E51C73B750007E24F9 /* KSEnumerator.c in Sources */ = {isa = PBXBuildFile; fileRef = C90144B31C73B750007E24F9 /* KSEnumerator.c */; };
		C90144E61C73B750007E24F9 /* KSHuman.c in Sources */ = {isa = PBXBuildFile; fileRef = C90144B71C73B750007E24F9 /* KSHuman.c */; };
		C90144E71C73B750007E24F9 /* KSLinkedList.c in Sources */ = {isa = PBXBuildFile; fileRef = C90144BA1C73B750007E24F9 /* KSLinkedList.c */; };
		C90144E81C73B750007E24F9 /* KSNode.c in Sources */ = {isa = PBXBuildFile; fileRef = C90144C01C73B750007E24F9 /* KSNode.c */; };
		C90144E91C73B750007E24F9 /* KSObject.c in Sources */ = {isa = PBXBuildFile; fileRef = C90144C31C73B750007E24F9 /* KSObject.c */; };
		C90144EA1C73B750007E24F9 /* KSStringObject.c in Sources */ = {isa = PBXBuildFile; fileRef = C90144C61C73B750007E24F9 /* KSStringObject.c */; };
		C90144EB1C73B750007E24F9 /* KSStruct.c in Sources */ = {isa = PBXBuildFile; fileRef = C90144C91C73B750007E24F9 /* KSStruct.c */; };
		C90144EC1C73B750007E24F9 /* KSValueBitOutput.c in Sources */ = {isa = PBXBuildFile; fileRef = C90144CC1C73B750007E24F9 /* KSValueBitOutput.c */; };
		C90144ED1C73B750007E24F9 /* KSArrayObjectTest.c in Sources */ = {isa = PBXBuildFile; fileRef = C90144D01C73B750007E24F9 /* KSArrayObjectTest.c */; };
		C90144EE1C73B750007E24F9 /* KSHumanTest.c in Sources */ = {isa = PBXBuildFile; fileRef = C90144D31C73B750007E24F9 /* KSHumanTest.c */; };
		C90144EF1C73B750007E24F9 /* KSLinkedListTest.c in Sources */ = {isa = PBXBuildFile; fileRef = C90144D61C73B750007E24F9 /* KSLinkedListTest.c */; };
		C90144F01C73B750007E24F9 /* KSStringObjectTest.c in Sources */ = {isa = PBXBuildFile; fileRef = C90144D91C73B750007E24F9 /* KSStringObjectTest.c */; };
		C90144F11C73B750007E24F9 /* KSTestMacroOutputType.c in Sources */ = {isa = PBXBuildFile; fileRef = C90144DC1C73B750007E24F9 /* KSTestMacroOutputType.c */; };
		C90144F21C73B750007E24F9 /* KSTestStruct.c in Sources */ = {isa = PBXBuildFile; fileRef = C90144DF1C73B750007E24F9 /* KSTestStruct.c */; };
		C90144F31C73B750007E24F9 /* KSValueBitOutputTest.c in Sources */ = {isa = PBXBuildFile; fileRef = C90144E21C73B750007E24F9 /* KSValueBitOutputTest.c */; };
		C90145031C73BA3E007E24F9 /* main.m in Sources */ = {isa = PBXBuildFile; fileRef = C90145021C73BA3E007E24F9 /* main.m */; };
		C901450A1C73BAAB007E24F9 /* KSObjFirstStep.m in Sources */ = {isa = PBXBuildFile; fileRef = C90145091C73BAAB007E24F9 /* KSObjFirstStep.m */; };
/* End PBXBuildFile section */

/* Begin PBXCopyFilesBuildPhase section */
		C90144FE1C73BA3E007E24F9 /* CopyFiles */ = {
			isa = PBXCopyFilesBuildPhase;
			buildActionMask = 2147483647;
			dstPath = /usr/share/man/man1/;
			dstSubfolderSpec = 0;
			files = (
			);
			runOnlyForDeploymentPostprocessing = 1;
		};
		C993CAD31C32D2C600593631 /* CopyFiles */ = {
			isa = PBXCopyFilesBuildPhase;
			buildActionMask = 2147483647;
			dstPath = /usr/share/man/man1/;
			dstSubfolderSpec = 0;
			files = (
			);
			runOnlyForDeploymentPostprocessing = 1;
		};
/* End PBXCopyFilesBuildPhase section */

/* Begin PBXFileReference section */
		C90144B01C73B750007E24F9 /* KSArrayObject.c */ = {isa = PBXFileReference; fileEncoding = 4; lastKnownFileType = sourcecode.c.c; path = KSArrayObject.c; sourceTree = "<group>"; };
		C90144B11C73B750007E24F9 /* KSArrayObject.h */ = {isa = PBXFileReference; fileEncoding = 4; lastKnownFileType = sourcecode.c.h; path = KSArrayObject.h; sourceTree = "<group>"; };
		C90144B31C73B750007E24F9 /* KSEnumerator.c */ = {isa = PBXFileReference; fileEncoding = 4; lastKnownFileType = sourcecode.c.c; path = KSEnumerator.c; sourceTree = "<group>"; };
		C90144B41C73B750007E24F9 /* KSEnumerator.h */ = {isa = PBXFileReference; fileEncoding = 4; lastKnownFileType = sourcecode.c.h; path = KSEnumerator.h; sourceTree = "<group>"; };
		C90144B51C73B750007E24F9 /* KSEnumeratorPrivate.h */ = {isa = PBXFileReference; fileEncoding = 4; lastKnownFileType = sourcecode.c.h; path = KSEnumeratorPrivate.h; sourceTree = "<group>"; };
		C90144B71C73B750007E24F9 /* KSHuman.c */ = {isa = PBXFileReference; fileEncoding = 4; lastKnownFileType = sourcecode.c.c; path = KSHuman.c; sourceTree = "<group>"; };
		C90144B81C73B750007E24F9 /* KSHuman.h */ = {isa = PBXFileReference; fileEncoding = 4; lastKnownFileType = sourcecode.c.h; path = KSHuman.h; sourceTree = "<group>"; };
		C90144BA1C73B750007E24F9 /* KSLinkedList.c */ = {isa = PBXFileReference; fileEncoding = 4; lastKnownFileType = sourcecode.c.c; path = KSLinkedList.c; sourceTree = "<group>"; };
		C90144BB1C73B750007E24F9 /* KSLinkedList.h */ = {isa = PBXFileReference; fileEncoding = 4; lastKnownFileType = sourcecode.c.h; path = KSLinkedList.h; sourceTree = "<group>"; };
		C90144BC1C73B750007E24F9 /* KSLinkedListPrivate.h */ = {isa = PBXFileReference; fileEncoding = 4; lastKnownFileType = sourcecode.c.h; path = KSLinkedListPrivate.h; sourceTree = "<group>"; };
		C90144BE1C73B750007E24F9 /* KSMacro.h */ = {isa = PBXFileReference; fileEncoding = 4; lastKnownFileType = sourcecode.c.h; path = KSMacro.h; sourceTree = "<group>"; };
		C90144C01C73B750007E24F9 /* KSNode.c */ = {isa = PBXFileReference; fileEncoding = 4; lastKnownFileType = sourcecode.c.c; path = KSNode.c; sourceTree = "<group>"; };
		C90144C11C73B750007E24F9 /* KSNode.h */ = {isa = PBXFileReference; fileEncoding = 4; lastKnownFileType = sourcecode.c.h; path = KSNode.h; sourceTree = "<group>"; };
		C90144C31C73B750007E24F9 /* KSObject.c */ = {isa = PBXFileReference; fileEncoding = 4; lastKnownFileType = sourcecode.c.c; path = KSObject.c; sourceTree = "<group>"; };
		C90144C41C73B750007E24F9 /* KSObject.h */ = {isa = PBXFileReference; fileEncoding = 4; lastKnownFileType = sourcecode.c.h; path = KSObject.h; sourceTree = "<group>"; };
		C90144C61C73B750007E24F9 /* KSStringObject.c */ = {isa = PBXFileReference; fileEncoding = 4; lastKnownFileType = sourcecode.c.c; path = KSStringObject.c; sourceTree = "<group>"; };
		C90144C71C73B750007E24F9 /* KSStringObject.h */ = {isa = PBXFileReference; fileEncoding = 4; lastKnownFileType = sourcecode.c.h; path = KSStringObject.h; sourceTree = "<group>"; };
		C90144C91C73B750007E24F9 /* KSStruct.c */ = {isa = PBXFileReference; fileEncoding = 4; lastKnownFileType = sourcecode.c.c; path = KSStruct.c; sourceTree = "<group>"; };
		C90144CA1C73B750007E24F9 /* KSStruct.h */ = {isa = PBXFileReference; fileEncoding = 4; lastKnownFileType = sourcecode.c.h; path = KSStruct.h; sourceTree = "<group>"; };
		C90144CC1C73B750007E24F9 /* KSValueBitOutput.c */ = {isa = PBXFileReference; fileEncoding = 4; lastKnownFileType = sourcecode.c.c; path = KSValueBitOutput.c; sourceTree = "<group>"; };
		C90144CD1C73B750007E24F9 /* KSValueBitOutput.h */ = {isa = PBXFileReference; fileEncoding = 4; lastKnownFileType = sourcecode.c.h; path = KSValueBitOutput.h; sourceTree = "<group>"; };
		C90144D01C73B750007E24F9 /* KSArrayObjectTest.c */ = {isa = PBXFileReference; fileEncoding = 4; lastKnownFileType = sourcecode.c.c; path = KSArrayObjectTest.c; sourceTree = "<group>"; };
		C90144D11C73B750007E24F9 /* KSArrayObjectTest.h */ = {isa = PBXFileReference; fileEncoding = 4; lastKnownFileType = sourcecode.c.h; path = KSArrayObjectTest.h; sourceTree = "<group>"; };
		C90144D31C73B750007E24F9 /* KSHumanTest.c */ = {isa = PBXFileReference; fileEncoding = 4; lastKnownFileType = sourcecode.c.c; path = KSHumanTest.c; sourceTree = "<group>"; };
		C90144D41C73B750007E24F9 /* KSHumanTest.h */ = {isa = PBXFileReference; fileEncoding = 4; lastKnownFileType = sourcecode.c.h; path = KSHumanTest.h; sourceTree = "<group>"; };
		C90144D61C73B750007E24F9 /* KSLinkedListTest.c */ = {isa = PBXFileReference; fileEncoding = 4; lastKnownFileType = sourcecode.c.c; path = KSLinkedListTest.c; sourceTree = "<group>"; };
		C90144D71C73B750007E24F9 /* KSLinkedListTest.h */ = {isa = PBXFileReference; fileEncoding = 4; lastKnownFileType = sourcecode.c.h; path = KSLinkedListTest.h; sourceTree = "<group>"; };
		C90144D91C73B750007E24F9 /* KSStringObjectTest.c */ = {isa = PBXFileReference; fileEncoding = 4; lastKnownFileType = sourcecode.c.c; path = KSStringObjectTest.c; sourceTree = "<group>"; };
		C90144DA1C73B750007E24F9 /* KSStringObjectTest.h */ = {isa = PBXFileReference; fileEncoding = 4; lastKnownFileType = sourcecode.c.h; path = KSStringObjectTest.h; sourceTree = "<group>"; };
		C90144DC1C73B750007E24F9 /* KSTestMacroOutputType.c */ = {isa = PBXFileReference; fileEncoding = 4; lastKnownFileType = sourcecode.c.c; path = KSTestMacroOutputType.c; sourceTree = "<group>"; };
		C90144DD1C73B750007E24F9 /* KSTestMacroOutputType.h */ = {isa = PBXFileReference; fileEncoding = 4; lastKnownFileType = sourcecode.c.h; path = KSTestMacroOutputType.h; sourceTree = "<group>"; };
		C90144DF1C73B750007E24F9 /* KSTestStruct.c */ = {isa = PBXFileReference; fileEncoding = 4; lastKnownFileType = sourcecode.c.c; path = KSTestStruct.c; sourceTree = "<group>"; };
		C90144E01C73B750007E24F9 /* KSTestStruct.h */ = {isa = PBXFileReference; fileEncoding = 4; lastKnownFileType = sourcecode.c.h; path = KSTestStruct.h; sourceTree = "<group>"; };
		C90144E21C73B750007E24F9 /* KSValueBitOutputTest.c */ = {isa = PBXFileReference; fileEncoding = 4; lastKnownFileType = sourcecode.c.c; path = KSValueBitOutputTest.c; sourceTree = "<group>"; };
		C90144E31C73B750007E24F9 /* KSValueBitOutputTest.h */ = {isa = PBXFileReference; fileEncoding = 4; lastKnownFileType = sourcecode.c.h; path = KSValueBitOutputTest.h; sourceTree = "<group>"; };
		C90145001C73BA3E007E24F9 /* ObjC */ = {isa = PBXFileReference; explicitFileType = "compiled.mach-o.executable"; includeInIndex = 0; path = ObjC; sourceTree = BUILT_PRODUCTS_DIR; };
		C90145021C73BA3E007E24F9 /* main.m */ = {isa = PBXFileReference; lastKnownFileType = sourcecode.c.objc; path = main.m; sourceTree = "<group>"; };
		C90145091C73BAAB007E24F9 /* KSObjFirstStep.m */ = {isa = PBXFileReference; fileEncoding = 4; lastKnownFileType = sourcecode.c.objc; path = KSObjFirstStep.m; sourceTree = "<group>"; };
		C901450B1C73BACF007E24F9 /* KSObjFirstStep.h */ = {isa = PBXFileReference; fileEncoding = 4; lastKnownFileType = sourcecode.c.h; path = KSObjFirstStep.h; sourceTree = "<group>"; };
		C993CAD51C32D2C600593631 /* С */ = {isa = PBXFileReference; explicitFileType = "compiled.mach-o.executable"; includeInIndex = 0; path = "С"; sourceTree = BUILT_PRODUCTS_DIR; };
/* End PBXFileReference section */

/* Begin PBXFrameworksBuildPhase section */
		C90144FD1C73BA3E007E24F9 /* Frameworks */ = {
			isa = PBXFrameworksBuildPhase;
			buildActionMask = 2147483647;
			files = (
			);
			runOnlyForDeploymentPostprocessing = 0;
		};
		C993CAD21C32D2C600593631 /* Frameworks */ = {
			isa = PBXFrameworksBuildPhase;
			buildActionMask = 2147483647;
			files = (
			);
			runOnlyForDeploymentPostprocessing = 0;
		};
/* End PBXFrameworksBuildPhase section */

/* Begin PBXGroup section */
		C90144AD1C73B750007E24F9 /* С */ = {
			isa = PBXGroup;
			children = (
				C90144AE1C73B750007E24F9 /* KSSourse */,
				C90144CE1C73B750007E24F9 /* KSTest */,
			);
			name = "С";
			path = "KSIdapStudy/С";
			sourceTree = "<group>";
		};
		C90144AE1C73B750007E24F9 /* KSSourse */ = {
			isa = PBXGroup;
			children = (
				C90144AF1C73B750007E24F9 /* KSArrayObject */,
				C90144B21C73B750007E24F9 /* KSEnumerator */,
				C90144B61C73B750007E24F9 /* KSHuman */,
				C90144B91C73B750007E24F9 /* KSLinkedList */,
				C90144BD1C73B750007E24F9 /* KSMacro */,
				C90144BF1C73B750007E24F9 /* KSNode */,
				C90144C21C73B750007E24F9 /* KSObject */,
				C90144C51C73B750007E24F9 /* KSStringObject */,
				C90144C81C73B750007E24F9 /* KSStruct */,
				C90144CB1C73B750007E24F9 /* KSValueBitOutput */,
			);
			path = KSSourse;
			sourceTree = "<group>";
		};
		C90144AF1C73B750007E24F9 /* KSArrayObject */ = {
			isa = PBXGroup;
			children = (
				C90144B01C73B750007E24F9 /* KSArrayObject.c */,
				C90144B11C73B750007E24F9 /* KSArrayObject.h */,
			);
			path = KSArrayObject;
			sourceTree = "<group>";
		};
		C90144B21C73B750007E24F9 /* KSEnumerator */ = {
			isa = PBXGroup;
			children = (
				C90144B31C73B750007E24F9 /* KSEnumerator.c */,
				C90144B41C73B750007E24F9 /* KSEnumerator.h */,
				C90144B51C73B750007E24F9 /* KSEnumeratorPrivate.h */,
			);
			path = KSEnumerator;
			sourceTree = "<group>";
		};
		C90144B61C73B750007E24F9 /* KSHuman */ = {
			isa = PBXGroup;
			children = (
				C90144B71C73B750007E24F9 /* KSHuman.c */,
				C90144B81C73B750007E24F9 /* KSHuman.h */,
			);
			path = KSHuman;
			sourceTree = "<group>";
		};
		C90144B91C73B750007E24F9 /* KSLinkedList */ = {
			isa = PBXGroup;
			children = (
				C90144BA1C73B750007E24F9 /* KSLinkedList.c */,
				C90144BB1C73B750007E24F9 /* KSLinkedList.h */,
				C90144BC1C73B750007E24F9 /* KSLinkedListPrivate.h */,
			);
			path = KSLinkedList;
			sourceTree = "<group>";
		};
		C90144BD1C73B750007E24F9 /* KSMacro */ = {
			isa = PBXGroup;
			children = (
				C90144BE1C73B750007E24F9 /* KSMacro.h */,
			);
			path = KSMacro;
			sourceTree = "<group>";
		};
		C90144BF1C73B750007E24F9 /* KSNode */ = {
			isa = PBXGroup;
			children = (
				C90144C01C73B750007E24F9 /* KSNode.c */,
				C90144C11C73B750007E24F9 /* KSNode.h */,
			);
			path = KSNode;
			sourceTree = "<group>";
		};
		C90144C21C73B750007E24F9 /* KSObject */ = {
			isa = PBXGroup;
			children = (
				C90144C31C73B750007E24F9 /* KSObject.c */,
				C90144C41C73B750007E24F9 /* KSObject.h */,
			);
			path = KSObject;
			sourceTree = "<group>";
		};
		C90144C51C73B750007E24F9 /* KSStringObject */ = {
			isa = PBXGroup;
			children = (
				C90144C61C73B750007E24F9 /* KSStringObject.c */,
				C90144C71C73B750007E24F9 /* KSStringObject.h */,
			);
			path = KSStringObject;
			sourceTree = "<group>";
		};
		C90144C81C73B750007E24F9 /* KSStruct */ = {
			isa = PBXGroup;
			children = (
				C90144C91C73B750007E24F9 /* KSStruct.c */,
				C90144CA1C73B750007E24F9 /* KSStruct.h */,
			);
			path = KSStruct;
			sourceTree = "<group>";
		};
		C90144CB1C73B750007E24F9 /* KSValueBitOutput */ = {
			isa = PBXGroup;
			children = (
				C90144CC1C73B750007E24F9 /* KSValueBitOutput.c */,
				C90144CD1C73B750007E24F9 /* KSValueBitOutput.h */,
			);
			path = KSValueBitOutput;
			sourceTree = "<group>";
		};
		C90144CE1C73B750007E24F9 /* KSTest */ = {
			isa = PBXGroup;
			children = (
				C90144CF1C73B750007E24F9 /* KSArrayObjectTest */,
				C90144D21C73B750007E24F9 /* KSHumanTest */,
				C90144D51C73B750007E24F9 /* KSLinkedListTest */,
				C90144D81C73B750007E24F9 /* KSStringObjectTest */,
				C90144DB1C73B750007E24F9 /* KSTestMacroOutputType */,
				C90144DE1C73B750007E24F9 /* KSTestStruct */,
				C90144E11C73B750007E24F9 /* KSValueBitOutputTest */,
			);
			path = KSTest;
			sourceTree = "<group>";
		};
		C90144CF1C73B750007E24F9 /* KSArrayObjectTest */ = {
			isa = PBXGroup;
			children = (
				C90144D01C73B750007E24F9 /* KSArrayObjectTest.c */,
				C90144D11C73B750007E24F9 /* KSArrayObjectTest.h */,
			);
			path = KSArrayObjectTest;
			sourceTree = "<group>";
		};
		C90144D21C73B750007E24F9 /* KSHumanTest */ = {
			isa = PBXGroup;
			children = (
				C90144D31C73B750007E24F9 /* KSHumanTest.c */,
				C90144D41C73B750007E24F9 /* KSHumanTest.h */,
			);
			path = KSHumanTest;
			sourceTree = "<group>";
		};
		C90144D51C73B750007E24F9 /* KSLinkedListTest */ = {
			isa = PBXGroup;
			children = (
				C90144D61C73B750007E24F9 /* KSLinkedListTest.c */,
				C90144D71C73B750007E24F9 /* KSLinkedListTest.h */,
			);
			path = KSLinkedListTest;
			sourceTree = "<group>";
		};
		C90144D81C73B750007E24F9 /* KSStringObjectTest */ = {
			isa = PBXGroup;
			children = (
				C90144D91C73B750007E24F9 /* KSStringObjectTest.c */,
				C90144DA1C73B750007E24F9 /* KSStringObjectTest.h */,
			);
			path = KSStringObjectTest;
			sourceTree = "<group>";
		};
		C90144DB1C73B750007E24F9 /* KSTestMacroOutputType */ = {
			isa = PBXGroup;
			children = (
				C90144DC1C73B750007E24F9 /* KSTestMacroOutputType.c */,
				C90144DD1C73B750007E24F9 /* KSTestMacroOutputType.h */,
			);
			path = KSTestMacroOutputType;
			sourceTree = "<group>";
		};
		C90144DE1C73B750007E24F9 /* KSTestStruct */ = {
			isa = PBXGroup;
			children = (
				C90144DF1C73B750007E24F9 /* KSTestStruct.c */,
				C90144E01C73B750007E24F9 /* KSTestStruct.h */,
			);
			path = KSTestStruct;
			sourceTree = "<group>";
		};
		C90144E11C73B750007E24F9 /* KSValueBitOutputTest */ = {
			isa = PBXGroup;
			children = (
				C90144E21C73B750007E24F9 /* KSValueBitOutputTest.c */,
				C90144E31C73B750007E24F9 /* KSValueBitOutputTest.h */,
			);
			path = KSValueBitOutputTest;
			sourceTree = "<group>";
		};
		C90145011C73BA3E007E24F9 /* ObjC */ = {
			isa = PBXGroup;
			children = (
				C90145071C73BA63007E24F9 /* KSSourse */,
				C90145021C73BA3E007E24F9 /* main.m */,
			);
			path = ObjC;
			sourceTree = "<group>";
		};
		C90145071C73BA63007E24F9 /* KSSourse */ = {
			isa = PBXGroup;
			children = (
				C90145081C73BAA0007E24F9 /* KSObjFirstStep */,
			);
			path = KSSourse;
			sourceTree = "<group>";
		};
		C90145081C73BAA0007E24F9 /* KSObjFirstStep */ = {
			isa = PBXGroup;
			children = (
				C90145091C73BAAB007E24F9 /* KSObjFirstStep.m */,
				C901450B1C73BACF007E24F9 /* KSObjFirstStep.h */,
			);
			path = KSObjFirstStep;
			sourceTree = "<group>";
		};
		C993CACC1C32D2C600593631 = {
			isa = PBXGroup;
			children = (
				C90144AD1C73B750007E24F9 /* С */,
				C90145011C73BA3E007E24F9 /* ObjC */,
				C993CAD61C32D2C600593631 /* Products */,
			);
			sourceTree = "<group>";
		};
		C993CAD61C32D2C600593631 /* Products */ = {
			isa = PBXGroup;
			children = (
				C993CAD51C32D2C600593631 /* С */,
				C90145001C73BA3E007E24F9 /* ObjC */,
			);
			name = Products;
			sourceTree = "<group>";
		};
/* End PBXGroup section */

/* Begin PBXNativeTarget section */
		C90144FF1C73BA3E007E24F9 /* ObjC */ = {
			isa = PBXNativeTarget;
			buildConfigurationList = C90145041C73BA3E007E24F9 /* Build configuration list for PBXNativeTarget "ObjC" */;
			buildPhases = (
				C90144FC1C73BA3E007E24F9 /* Sources */,
				C90144FD1C73BA3E007E24F9 /* Frameworks */,
				C90144FE1C73BA3E007E24F9 /* CopyFiles */,
			);
			buildRules = (
			);
			dependencies = (
			);
			name = ObjC;
			productName = ObjC;
			productReference = C90145001C73BA3E007E24F9 /* ObjC */;
			productType = "com.apple.product-type.tool";
		};
		C993CAD41C32D2C600593631 /* С */ = {
			isa = PBXNativeTarget;
			buildConfigurationList = C993CADC1C32D2C600593631 /* Build configuration list for PBXNativeTarget "С" */;
			buildPhases = (
				C993CAD11C32D2C600593631 /* Sources */,
				C993CAD21C32D2C600593631 /* Frameworks */,
				C993CAD31C32D2C600593631 /* CopyFiles */,
			);
			buildRules = (
			);
			dependencies = (
			);
			name = "С";
			productName = KSIdapStudy;
			productReference = C993CAD51C32D2C600593631 /* С */;
			productType = "com.apple.product-type.tool";
		};
/* End PBXNativeTarget section */

/* Begin PBXProject section */
		C993CACD1C32D2C600593631 /* Project object */ = {
			isa = PBXProject;
			attributes = {
				LastUpgradeCheck = 0720;
				ORGANIZATIONNAME = KulikovS;
				TargetAttributes = {
					C90144FF1C73BA3E007E24F9 = {
						CreatedOnToolsVersion = 7.2;
					};
					C993CAD41C32D2C600593631 = {
						CreatedOnToolsVersion = 7.2;
					};
				};
			};
			buildConfigurationList = C993CAD01C32D2C600593631 /* Build configuration list for PBXProject "KSIdapStudy" */;
			compatibilityVersion = "Xcode 3.2";
			developmentRegion = English;
			hasScannedForEncodings = 0;
			knownRegions = (
				en,
			);
			mainGroup = C993CACC1C32D2C600593631;
			productRefGroup = C993CAD61C32D2C600593631 /* Products */;
			projectDirPath = "";
			projectRoot = "";
			targets = (
				C993CAD41C32D2C600593631 /* С */,
				C90144FF1C73BA3E007E24F9 /* ObjC */,
			);
		};
/* End PBXProject section */

/* Begin PBXSourcesBuildPhase section */
		C90144FC1C73BA3E007E24F9 /* Sources */ = {
			isa = PBXSourcesBuildPhase;
			buildActionMask = 2147483647;
			files = (
				C901450A1C73BAAB007E24F9 /* KSObjFirstStep.m in Sources */,
				C90145031C73BA3E007E24F9 /* main.m in Sources */,
			);
			runOnlyForDeploymentPostprocessing = 0;
		};
		C993CAD11C32D2C600593631 /* Sources */ = {
			isa = PBXSourcesBuildPhase;
			buildActionMask = 2147483647;
			files = (
				C90144EF1C73B750007E24F9 /* KSLinkedListTest.c in Sources */,
				C90144EC1C73B750007E24F9 /* KSValueBitOutput.c in Sources */,
				C90144F31C73B750007E24F9 /* KSValueBitOutputTest.c in Sources */,
				C90144E71C73B750007E24F9 /* KSLinkedList.c in Sources */,
				C90144F21C73B750007E24F9 /* KSTestStruct.c in Sources */,
				C90144E61C73B750007E24F9 /* KSHuman.c in Sources */,
				C90144E91C73B750007E24F9 /* KSObject.c in Sources */,
				C90144ED1C73B750007E24F9 /* KSArrayObjectTest.c in Sources */,
				C90144EA1C73B750007E24F9 /* KSStringObject.c in Sources */,
				C90144E41C73B750007E24F9 /* KSArrayObject.c in Sources */,
				C90144E51C73B750007E24F9 /* KSEnumerator.c in Sources */,
				C90144EB1C73B750007E24F9 /* KSStruct.c in Sources */,
				C90144F01C73B750007E24F9 /* KSStringObjectTest.c in Sources */,
				C90144F11C73B750007E24F9 /* KSTestMacroOutputType.c in Sources */,
				C90144E81C73B750007E24F9 /* KSNode.c in Sources */,
				C90144EE1C73B750007E24F9 /* KSHumanTest.c in Sources */,
			);
			runOnlyForDeploymentPostprocessing = 0;
		};
/* End PBXSourcesBuildPhase section */

/* Begin XCBuildConfiguration section */
		C90145051C73BA3E007E24F9 /* Debug */ = {
			isa = XCBuildConfiguration;
			buildSettings = {
				PRODUCT_NAME = "$(TARGET_NAME)";
			};
			name = Debug;
		};
		C90145061C73BA3E007E24F9 /* Release */ = {
			isa = XCBuildConfiguration;
			buildSettings = {
				PRODUCT_NAME = "$(TARGET_NAME)";
			};
			name = Release;
		};
		C993CADA1C32D2C600593631 /* Debug */ = {
			isa = XCBuildConfiguration;
			buildSettings = {
				ALWAYS_SEARCH_USER_PATHS = NO;
				CLANG_CXX_LANGUAGE_STANDARD = "gnu++0x";
				CLANG_CXX_LIBRARY = "libc++";
				CLANG_ENABLE_MODULES = YES;
				CLANG_ENABLE_OBJC_ARC = YES;
				CLANG_WARN_BOOL_CONVERSION = YES;
				CLANG_WARN_CONSTANT_CONVERSION = YES;
				CLANG_WARN_DIRECT_OBJC_ISA_USAGE = YES_ERROR;
				CLANG_WARN_EMPTY_BODY = YES;
				CLANG_WARN_ENUM_CONVERSION = YES;
				CLANG_WARN_INT_CONVERSION = YES;
				CLANG_WARN_OBJC_ROOT_CLASS = YES_ERROR;
				CLANG_WARN_UNREACHABLE_CODE = YES;
				CLANG_WARN__DUPLICATE_METHOD_MATCH = YES;
				CODE_SIGN_IDENTITY = "-";
				COPY_PHASE_STRIP = NO;
				DEBUG_INFORMATION_FORMAT = dwarf;
				ENABLE_STRICT_OBJC_MSGSEND = YES;
				ENABLE_TESTABILITY = YES;
				GCC_C_LANGUAGE_STANDARD = gnu99;
				GCC_DYNAMIC_NO_PIC = NO;
				GCC_NO_COMMON_BLOCKS = YES;
				GCC_OPTIMIZATION_LEVEL = 0;
				GCC_PREPROCESSOR_DEFINITIONS = (
					"DEBUG=1",
					"$(inherited)",
				);
				GCC_WARN_64_TO_32_BIT_CONVERSION = YES;
				GCC_WARN_ABOUT_RETURN_TYPE = YES_ERROR;
				GCC_WARN_UNDECLARED_SELECTOR = YES;
				GCC_WARN_UNINITIALIZED_AUTOS = YES_AGGRESSIVE;
				GCC_WARN_UNUSED_FUNCTION = YES;
				GCC_WARN_UNUSED_VARIABLE = YES;
				MACOSX_DEPLOYMENT_TARGET = 10.11;
				MTL_ENABLE_DEBUG_INFO = YES;
				ONLY_ACTIVE_ARCH = YES;
				SDKROOT = macosx;
			};
			name = Debug;
		};
		C993CADB1C32D2C600593631 /* Release */ = {
			isa = XCBuildConfiguration;
			buildSettings = {
				ALWAYS_SEARCH_USER_PATHS = NO;
				CLANG_CXX_LANGUAGE_STANDARD = "gnu++0x";
				CLANG_CXX_LIBRARY = "libc++";
				CLANG_ENABLE_MODULES = YES;
				CLANG_ENABLE_OBJC_ARC = YES;
				CLANG_WARN_BOOL_CONVERSION = YES;
				CLANG_WARN_CONSTANT_CONVERSION = YES;
				CLANG_WARN_DIRECT_OBJC_ISA_USAGE = YES_ERROR;
				CLANG_WARN_EMPTY_BODY = YES;
				CLANG_WARN_ENUM_CONVERSION = YES;
				CLANG_WARN_INT_CONVERSION = YES;
				CLANG_WARN_OBJC_ROOT_CLASS = YES_ERROR;
				CLANG_WARN_UNREACHABLE_CODE = YES;
				CLANG_WARN__DUPLICATE_METHOD_MATCH = YES;
				CODE_SIGN_IDENTITY = "-";
				COPY_PHASE_STRIP = NO;
				DEBUG_INFORMATION_FORMAT = "dwarf-with-dsym";
				ENABLE_NS_ASSERTIONS = NO;
				ENABLE_STRICT_OBJC_MSGSEND = YES;
				GCC_C_LANGUAGE_STANDARD = gnu99;
				GCC_NO_COMMON_BLOCKS = YES;
				GCC_WARN_64_TO_32_BIT_CONVERSION = YES;
				GCC_WARN_ABOUT_RETURN_TYPE = YES_ERROR;
				GCC_WARN_UNDECLARED_SELECTOR = YES;
				GCC_WARN_UNINITIALIZED_AUTOS = YES_AGGRESSIVE;
				GCC_WARN_UNUSED_FUNCTION = YES;
				GCC_WARN_UNUSED_VARIABLE = YES;
				MACOSX_DEPLOYMENT_TARGET = 10.11;
				MTL_ENABLE_DEBUG_INFO = NO;
				SDKROOT = macosx;
			};
			name = Release;
		};
		C993CADD1C32D2C600593631 /* Debug */ = {
			isa = XCBuildConfiguration;
			buildSettings = {
				MACOSX_DEPLOYMENT_TARGET = 10.10;
				PRODUCT_NAME = "$(TARGET_NAME)";
			};
			name = Debug;
		};
		C993CADE1C32D2C600593631 /* Release */ = {
			isa = XCBuildConfiguration;
			buildSettings = {
				MACOSX_DEPLOYMENT_TARGET = 10.10;
				PRODUCT_NAME = "$(TARGET_NAME)";
			};
			name = Release;
		};
/* End XCBuildConfiguration section */

/* Begin XCConfigurationList section */
		C90145041C73BA3E007E24F9 /* Build configuration list for PBXNativeTarget "ObjC" */ = {
			isa = XCConfigurationList;
			buildConfigurations = (
				C90145051C73BA3E007E24F9 /* Debug */,
				C90145061C73BA3E007E24F9 /* Release */,
			);
			defaultConfigurationIsVisible = 0;
		};
		C993CAD01C32D2C600593631 /* Build configuration list for PBXProject "KSIdapStudy" */ = {
			isa = XCConfigurationList;
			buildConfigurations = (
				C993CADA1C32D2C600593631 /* Debug */,
				C993CADB1C32D2C600593631 /* Release */,
			);
			defaultConfigurationIsVisible = 0;
			defaultConfigurationName = Release;
		};
		C993CADC1C32D2C600593631 /* Build configuration list for PBXNativeTarget "С" */ = {
			isa = XCConfigurationList;
			buildConfigurations = (
				C993CADD1C32D2C600593631 /* Debug */,
				C993CADE1C32D2C600593631 /* Release */,
			);
			defaultConfigurationIsVisible = 0;
			defaultConfigurationName = Release;
		};
/* End XCConfigurationList section */
	};
	rootObject = C993CACD1C32D2C600593631 /* Project object */;
}
