// !$*UTF8*$!
{
	archiveVersion = 1;
	classes = {
	};
	objectVersion = 46;
	objects = {

/* Begin PBXBuildFile section */
		C93D4C931CB0557A00E832A7 /* KSQueue.m in Sources */ = {isa = PBXBuildFile; fileRef = C93D4C921CB0557A00E832A7 /* KSQueue.m */; };
		C93D4C941CB0557A00E832A7 /* KSQueue.m in Sources */ = {isa = PBXBuildFile; fileRef = C93D4C921CB0557A00E832A7 /* KSQueue.m */; };
		C93F0E621C95A53400DB3FEC /* KSCarsWasher.m in Sources */ = {isa = PBXBuildFile; fileRef = C93F0E611C95A53400DB3FEC /* KSCarsWasher.m */; };
		C93F0E631C95A53400DB3FEC /* KSCarsWasher.m in Sources */ = {isa = PBXBuildFile; fileRef = C93F0E611C95A53400DB3FEC /* KSCarsWasher.m */; };
		C93F0E671C95A55B00DB3FEC /* KSBoss.m in Sources */ = {isa = PBXBuildFile; fileRef = C93F0E661C95A55B00DB3FEC /* KSBoss.m */; };
		C93F0E681C95A55B00DB3FEC /* KSBoss.m in Sources */ = {isa = PBXBuildFile; fileRef = C93F0E661C95A55B00DB3FEC /* KSBoss.m */; };
		C93F0E6C1C95A59D00DB3FEC /* KSAccountant.m in Sources */ = {isa = PBXBuildFile; fileRef = C93F0E6B1C95A59D00DB3FEC /* KSAccountant.m */; };
		C93F0E6D1C95A59D00DB3FEC /* KSAccountant.m in Sources */ = {isa = PBXBuildFile; fileRef = C93F0E6B1C95A59D00DB3FEC /* KSAccountant.m */; };
		C94494651CB166100082145C /* TestKSCarWasher.m in Sources */ = {isa = PBXBuildFile; fileRef = C94494641CB166100082145C /* TestKSCarWasher.m */; };
		C94BDA5C1CEE473200E8F4FB /* KSDispatch.m in Sources */ = {isa = PBXBuildFile; fileRef = C94F38DF1CC51E30006229E1 /* KSDispatch.m */; };
		C94C670C1C775F0A00B59836 /* KSCreature.m in Sources */ = {isa = PBXBuildFile; fileRef = C94C67051C775F0A00B59836 /* KSCreature.m */; };
		C94C670E1C775F0A00B59836 /* main.m in Sources */ = {isa = PBXBuildFile; fileRef = C94C670B1C775F0A00B59836 /* main.m */; };
		C94F38E01CC51E30006229E1 /* KSDispatch.m in Sources */ = {isa = PBXBuildFile; fileRef = C94F38DF1CC51E30006229E1 /* KSDispatch.m */; };
		C94F7EA11CE32CE90085E97B /* KSObserver.m in Sources */ = {isa = PBXBuildFile; fileRef = C97088E81C98476F003B6E6D /* KSObserver.m */; settings = {COMPILER_FLAGS = "-fno-objc-arc"; }; };
		C94F7EA21CE32CF00085E97B /* KSObserverDictionary.m in Sources */ = {isa = PBXBuildFile; fileRef = C9D7BCD31CBE781000F5DE57 /* KSObserverDictionary.m */; settings = {COMPILER_FLAGS = "-fno-objc-arc"; }; };
		C94F7EA31CE32CF40085E97B /* KSObserverArray.m in Sources */ = {isa = PBXBuildFile; fileRef = C9D7BCD81CBE784000F5DE57 /* KSObserverArray.m */; settings = {COMPILER_FLAGS = "-fno-objc-arc"; }; };
		C94F7EA41CE32CF80085E97B /* KSObserverObject.m in Sources */ = {isa = PBXBuildFile; fileRef = C9D7BCDD1CBE786800F5DE57 /* KSObserverObject.m */; };
		C95BED3D1C79C6BF00E853F6 /* KSCreatureMale.m in Sources */ = {isa = PBXBuildFile; fileRef = C95BED3C1C79C6BF00E853F6 /* KSCreatureMale.m */; };
		C95BED401C79C6DE00E853F6 /* KSCreatureFemale.m in Sources */ = {isa = PBXBuildFile; fileRef = C95BED3F1C79C6DE00E853F6 /* KSCreatureFemale.m */; };
		C96380C31D07185400C8781D /* gremlin.jpg in Resources */ = {isa = PBXBuildFile; fileRef = C96380641D07185400C8781D /* gremlin.jpg */; };
		C96380C41D07185400C8781D /* gremlin.jpg in Resources */ = {isa = PBXBuildFile; fileRef = C96380641D07185400C8781D /* gremlin.jpg */; };
		C96380C51D07185400C8781D /* KSAlphabet.m in Sources */ = {isa = PBXBuildFile; fileRef = C96380691D07185400C8781D /* KSAlphabet.m */; };
		C96380C61D07185400C8781D /* KSAlphabet.m in Sources */ = {isa = PBXBuildFile; fileRef = C96380691D07185400C8781D /* KSAlphabet.m */; };
		C96380C71D07185400C8781D /* KSAlphabetCluster.m in Sources */ = {isa = PBXBuildFile; fileRef = C963806C1D07185400C8781D /* KSAlphabetCluster.m */; };
		C96380C81D07185400C8781D /* KSAlphabetCluster.m in Sources */ = {isa = PBXBuildFile; fileRef = C963806C1D07185400C8781D /* KSAlphabetCluster.m */; };
		C96380C91D07185400C8781D /* KSAlphabetRange.m in Sources */ = {isa = PBXBuildFile; fileRef = C963806E1D07185400C8781D /* KSAlphabetRange.m */; };
		C96380CA1D07185400C8781D /* KSAlphabetRange.m in Sources */ = {isa = PBXBuildFile; fileRef = C963806E1D07185400C8781D /* KSAlphabetRange.m */; };
		C96380CB1D07185400C8781D /* KSAlphabetString.m in Sources */ = {isa = PBXBuildFile; fileRef = C96380701D07185400C8781D /* KSAlphabetString.m */; };
		C96380CC1D07185400C8781D /* KSAlphabetString.m in Sources */ = {isa = PBXBuildFile; fileRef = C96380701D07185400C8781D /* KSAlphabetString.m */; };
		C96380CD1D07185400C8781D /* KSArrayModel.m in Sources */ = {isa = PBXBuildFile; fileRef = C96380741D07185400C8781D /* KSArrayModel.m */; };
		C96380CE1D07185400C8781D /* KSArrayModel.m in Sources */ = {isa = PBXBuildFile; fileRef = C96380741D07185400C8781D /* KSArrayModel.m */; };
		C96380CF1D07185400C8781D /* KSArrayModelManager.m in Sources */ = {isa = PBXBuildFile; fileRef = C96380771D07185400C8781D /* KSArrayModelManager.m */; };
		C96380D01D07185400C8781D /* KSArrayModelManager.m in Sources */ = {isa = PBXBuildFile; fileRef = C96380771D07185400C8781D /* KSArrayModelManager.m */; };
		C96380D11D07185400C8781D /* KSCache.m in Sources */ = {isa = PBXBuildFile; fileRef = C963807A1D07185400C8781D /* KSCache.m */; };
		C96380D21D07185400C8781D /* KSCache.m in Sources */ = {isa = PBXBuildFile; fileRef = C963807A1D07185400C8781D /* KSCache.m */; };
		C96380D31D07185400C8781D /* KSImageModel.m in Sources */ = {isa = PBXBuildFile; fileRef = C963807E1D07185400C8781D /* KSImageModel.m */; };
		C96380D41D07185400C8781D /* KSImageModel.m in Sources */ = {isa = PBXBuildFile; fileRef = C963807E1D07185400C8781D /* KSImageModel.m */; };
		C96380D51D07185400C8781D /* KSImageView.m in Sources */ = {isa = PBXBuildFile; fileRef = C96380801D07185400C8781D /* KSImageView.m */; };
		C96380D61D07185400C8781D /* KSImageView.m in Sources */ = {isa = PBXBuildFile; fileRef = C96380801D07185400C8781D /* KSImageView.m */; };
		C96380D71D07185400C8781D /* KSModel.m in Sources */ = {isa = PBXBuildFile; fileRef = C96380831D07185400C8781D /* KSModel.m */; };
		C96380D81D07185400C8781D /* KSModel.m in Sources */ = {isa = PBXBuildFile; fileRef = C96380831D07185400C8781D /* KSModel.m */; };
		C96380D91D07185400C8781D /* KSStateModel.m in Sources */ = {isa = PBXBuildFile; fileRef = C96380861D07185400C8781D /* KSStateModel.m */; };
		C96380DA1D07185400C8781D /* KSStateModel.m in Sources */ = {isa = PBXBuildFile; fileRef = C96380861D07185400C8781D /* KSStateModel.m */; };
		C96380DB1D07185400C8781D /* KSStringModel.m in Sources */ = {isa = PBXBuildFile; fileRef = C96380891D07185400C8781D /* KSStringModel.m */; };
		C96380DC1D07185400C8781D /* KSStringModel.m in Sources */ = {isa = PBXBuildFile; fileRef = C96380891D07185400C8781D /* KSStringModel.m */; };
		C96380DD1D07185400C8781D /* KSLabelView.m in Sources */ = {isa = PBXBuildFile; fileRef = C963808E1D07185400C8781D /* KSLabelView.m */; };
		C96380DE1D07185400C8781D /* KSLabelView.m in Sources */ = {isa = PBXBuildFile; fileRef = C963808E1D07185400C8781D /* KSLabelView.m */; };
		C96380DF1D07185400C8781D /* KSLabelViewController.m in Sources */ = {isa = PBXBuildFile; fileRef = C96380901D07185400C8781D /* KSLabelViewController.m */; };
		C96380E01D07185400C8781D /* KSLabelViewController.m in Sources */ = {isa = PBXBuildFile; fileRef = C96380901D07185400C8781D /* KSLabelViewController.m */; };
		C96380E11D07185400C8781D /* KSLabelViewController.xib in Resources */ = {isa = PBXBuildFile; fileRef = C96380911D07185400C8781D /* KSLabelViewController.xib */; };
		C96380E21D07185400C8781D /* KSLabelViewController.xib in Resources */ = {isa = PBXBuildFile; fileRef = C96380911D07185400C8781D /* KSLabelViewController.xib */; };
		C96380E31D07185400C8781D /* KSUserViewCell.m in Sources */ = {isa = PBXBuildFile; fileRef = C96380941D07185400C8781D /* KSUserViewCell.m */; };
		C96380E41D07185400C8781D /* KSUserViewCell.m in Sources */ = {isa = PBXBuildFile; fileRef = C96380941D07185400C8781D /* KSUserViewCell.m */; };
		C96380E51D07185400C8781D /* KSUserViewCell.xib in Resources */ = {isa = PBXBuildFile; fileRef = C96380951D07185400C8781D /* KSUserViewCell.xib */; };
		C96380E61D07185400C8781D /* KSUserViewCell.xib in Resources */ = {isa = PBXBuildFile; fileRef = C96380951D07185400C8781D /* KSUserViewCell.xib */; };
		C96380E71D07185400C8781D /* KSUserView.m in Sources */ = {isa = PBXBuildFile; fileRef = C96380991D07185400C8781D /* KSUserView.m */; };
		C96380E81D07185400C8781D /* KSUserView.m in Sources */ = {isa = PBXBuildFile; fileRef = C96380991D07185400C8781D /* KSUserView.m */; };
		C96380E91D07185400C8781D /* KSUserViewController.m in Sources */ = {isa = PBXBuildFile; fileRef = C963809B1D07185400C8781D /* KSUserViewController.m */; };
		C96380EA1D07185400C8781D /* KSUserViewController.m in Sources */ = {isa = PBXBuildFile; fileRef = C963809B1D07185400C8781D /* KSUserViewController.m */; };
		C96380EB1D07185400C8781D /* KSUserViewController.xib in Resources */ = {isa = PBXBuildFile; fileRef = C963809C1D07185400C8781D /* KSUserViewController.xib */; };
		C96380EC1D07185400C8781D /* KSUserViewController.xib in Resources */ = {isa = PBXBuildFile; fileRef = C963809C1D07185400C8781D /* KSUserViewController.xib */; };
		C96380ED1D07185400C8781D /* KSLoadingView.m in Sources */ = {isa = PBXBuildFile; fileRef = C96380A01D07185400C8781D /* KSLoadingView.m */; };
		C96380EE1D07185400C8781D /* KSLoadingView.m in Sources */ = {isa = PBXBuildFile; fileRef = C96380A01D07185400C8781D /* KSLoadingView.m */; };
		C96380EF1D07185400C8781D /* KSLoadingView.xib in Resources */ = {isa = PBXBuildFile; fileRef = C96380A11D07185400C8781D /* KSLoadingView.xib */; };
		C96380F01D07185400C8781D /* KSLoadingView.xib in Resources */ = {isa = PBXBuildFile; fileRef = C96380A11D07185400C8781D /* KSLoadingView.xib */; };
		C96380F11D07185400C8781D /* KSView.m in Sources */ = {isa = PBXBuildFile; fileRef = C96380A31D07185400C8781D /* KSView.m */; };
		C96380F21D07185400C8781D /* KSView.m in Sources */ = {isa = PBXBuildFile; fileRef = C96380A31D07185400C8781D /* KSView.m */; };
		C96380F31D07185400C8781D /* Assets.xcassets in Resources */ = {isa = PBXBuildFile; fileRef = C96380A51D07185400C8781D /* Assets.xcassets */; };
		C96380F41D07185400C8781D /* Assets.xcassets in Resources */ = {isa = PBXBuildFile; fileRef = C96380A51D07185400C8781D /* Assets.xcassets */; };
		C96380F51D07185400C8781D /* LaunchScreen.storyboard in Resources */ = {isa = PBXBuildFile; fileRef = C96380A61D07185400C8781D /* LaunchScreen.storyboard */; };
		C96380F61D07185400C8781D /* LaunchScreen.storyboard in Resources */ = {isa = PBXBuildFile; fileRef = C96380A61D07185400C8781D /* LaunchScreen.storyboard */; };
		C96380F71D07185400C8781D /* Main.storyboard in Resources */ = {isa = PBXBuildFile; fileRef = C96380A81D07185400C8781D /* Main.storyboard */; };
		C96380F81D07185400C8781D /* Main.storyboard in Resources */ = {isa = PBXBuildFile; fileRef = C96380A81D07185400C8781D /* Main.storyboard */; };
		C96380F91D07185400C8781D /* KSAppDelegate.m in Sources */ = {isa = PBXBuildFile; fileRef = C96380AC1D07185400C8781D /* KSAppDelegate.m */; };
		C96380FA1D07185400C8781D /* KSAppDelegate.m in Sources */ = {isa = PBXBuildFile; fileRef = C96380AC1D07185400C8781D /* KSAppDelegate.m */; };
		C96380FB1D07185400C8781D /* main.m in Sources */ = {isa = PBXBuildFile; fileRef = C96380AE1D07185400C8781D /* main.m */; };
		C96380FC1D07185400C8781D /* main.m in Sources */ = {isa = PBXBuildFile; fileRef = C96380AE1D07185400C8781D /* main.m */; };
		C96381311D07261100C8781D /* CGGeometry+KSExtensions.m in Sources */ = {isa = PBXBuildFile; fileRef = C96381171D07261100C8781D /* CGGeometry+KSExtensions.m */; };
		C96381321D07261100C8781D /* CGGeometry+KSExtensions.m in Sources */ = {isa = PBXBuildFile; fileRef = C96381171D07261100C8781D /* CGGeometry+KSExtensions.m */; };
		C96381331D07261100C8781D /* CGGeometry+KSExtensions.m in Sources */ = {isa = PBXBuildFile; fileRef = C96381171D07261100C8781D /* CGGeometry+KSExtensions.m */; };
		C96381341D07261100C8781D /* NSBundle+KSExtensions.m in Sources */ = {isa = PBXBuildFile; fileRef = C963811A1D07261100C8781D /* NSBundle+KSExtensions.m */; };
		C96381351D07261100C8781D /* NSBundle+KSExtensions.m in Sources */ = {isa = PBXBuildFile; fileRef = C963811A1D07261100C8781D /* NSBundle+KSExtensions.m */; };
		C96381361D07261100C8781D /* NSBundle+KSExtensions.m in Sources */ = {isa = PBXBuildFile; fileRef = C963811A1D07261100C8781D /* NSBundle+KSExtensions.m */; };
		C96381371D07261100C8781D /* NSFileManager+KSExtensions.m in Sources */ = {isa = PBXBuildFile; fileRef = C963811D1D07261100C8781D /* NSFileManager+KSExtensions.m */; };
		C96381381D07261100C8781D /* NSFileManager+KSExtensions.m in Sources */ = {isa = PBXBuildFile; fileRef = C963811D1D07261100C8781D /* NSFileManager+KSExtensions.m */; };
		C96381391D07261100C8781D /* NSFileManager+KSExtensions.m in Sources */ = {isa = PBXBuildFile; fileRef = C963811D1D07261100C8781D /* NSFileManager+KSExtensions.m */; };
		C963813A1D07261100C8781D /* NSObject+KSExtension.m in Sources */ = {isa = PBXBuildFile; fileRef = C96381201D07261100C8781D /* NSObject+KSExtension.m */; };
		C963813B1D07261100C8781D /* NSObject+KSExtension.m in Sources */ = {isa = PBXBuildFile; fileRef = C96381201D07261100C8781D /* NSObject+KSExtension.m */; };
		C963813C1D07261100C8781D /* NSObject+KSExtension.m in Sources */ = {isa = PBXBuildFile; fileRef = C96381201D07261100C8781D /* NSObject+KSExtension.m */; };
		C963813D1D07261100C8781D /* NSString+KSExtension.m in Sources */ = {isa = PBXBuildFile; fileRef = C96381231D07261100C8781D /* NSString+KSExtension.m */; };
		C963813E1D07261100C8781D /* NSString+KSExtension.m in Sources */ = {isa = PBXBuildFile; fileRef = C96381231D07261100C8781D /* NSString+KSExtension.m */; };
		C963813F1D07261100C8781D /* NSString+KSExtension.m in Sources */ = {isa = PBXBuildFile; fileRef = C96381231D07261100C8781D /* NSString+KSExtension.m */; };
		C96381401D07261100C8781D /* UINib+KSExtensions.m in Sources */ = {isa = PBXBuildFile; fileRef = C96381261D07261100C8781D /* UINib+KSExtensions.m */; };
		C96381411D07261100C8781D /* UINib+KSExtensions.m in Sources */ = {isa = PBXBuildFile; fileRef = C96381261D07261100C8781D /* UINib+KSExtensions.m */; };
		C96381421D07261100C8781D /* UINib+KSExtensions.m in Sources */ = {isa = PBXBuildFile; fileRef = C96381261D07261100C8781D /* UINib+KSExtensions.m */; };
		C96381431D07261100C8781D /* UITableView+KSExtensions.m in Sources */ = {isa = PBXBuildFile; fileRef = C96381291D07261100C8781D /* UITableView+KSExtensions.m */; };
		C96381441D07261100C8781D /* UITableView+KSExtensions.m in Sources */ = {isa = PBXBuildFile; fileRef = C96381291D07261100C8781D /* UITableView+KSExtensions.m */; };
		C96381451D07261100C8781D /* UITableView+KSExtensions.m in Sources */ = {isa = PBXBuildFile; fileRef = C96381291D07261100C8781D /* UITableView+KSExtensions.m */; };
		C96381461D07261100C8781D /* UIViewController+KSExtensions.m in Sources */ = {isa = PBXBuildFile; fileRef = C963812C1D07261100C8781D /* UIViewController+KSExtensions.m */; };
		C96381471D07261100C8781D /* UIViewController+KSExtensions.m in Sources */ = {isa = PBXBuildFile; fileRef = C963812C1D07261100C8781D /* UIViewController+KSExtensions.m */; };
		C96381481D07261100C8781D /* UIViewController+KSExtensions.m in Sources */ = {isa = PBXBuildFile; fileRef = C963812C1D07261100C8781D /* UIViewController+KSExtensions.m */; };
		C96381491D07261100C8781D /* UIWindow+KSExtension.m in Sources */ = {isa = PBXBuildFile; fileRef = C963812F1D07261100C8781D /* UIWindow+KSExtension.m */; };
		C963814A1D07261100C8781D /* UIWindow+KSExtension.m in Sources */ = {isa = PBXBuildFile; fileRef = C963812F1D07261100C8781D /* UIWindow+KSExtension.m */; };
		C963814B1D07261100C8781D /* UIWindow+KSExtension.m in Sources */ = {isa = PBXBuildFile; fileRef = C963812F1D07261100C8781D /* UIWindow+KSExtension.m */; };
		C963815D1D07427D00C8781D /* Assets.xcassets in Resources */ = {isa = PBXBuildFile; fileRef = C96381511D07427D00C8781D /* Assets.xcassets */; };
		C963815F1D07427D00C8781D /* Assets.xcassets in Resources */ = {isa = PBXBuildFile; fileRef = C96381511D07427D00C8781D /* Assets.xcassets */; };
		C96381621D07427D00C8781D /* LaunchScreen.storyboard in Resources */ = {isa = PBXBuildFile; fileRef = C96381521D07427D00C8781D /* LaunchScreen.storyboard */; };
		C96381651D07427D00C8781D /* Main.storyboard in Resources */ = {isa = PBXBuildFile; fileRef = C96381541D07427D00C8781D /* Main.storyboard */; };
		C96381681D07427D00C8781D /* Info.plist in Resources */ = {isa = PBXBuildFile; fileRef = C96381561D07427D00C8781D /* Info.plist */; };
		C963816B1D07427D00C8781D /* main.m in Sources */ = {isa = PBXBuildFile; fileRef = C96381571D07427D00C8781D /* main.m */; };
		C96381721D0742B200C8781D /* AppDelegate.m in Sources */ = {isa = PBXBuildFile; fileRef = C96381711D0742B200C8781D /* AppDelegate.m */; };
		C96381731D0742C100C8781D /* LaunchScreen.storyboard in Resources */ = {isa = PBXBuildFile; fileRef = C96381521D07427D00C8781D /* LaunchScreen.storyboard */; };
		C96AF3C41CB5A1490019C743 /* KSDispatcher.m in Sources */ = {isa = PBXBuildFile; fileRef = C96AF3C31CB5A1490019C743 /* KSDispatcher.m */; };
		C96AF3C51CB5A1490019C743 /* KSDispatcher.m in Sources */ = {isa = PBXBuildFile; fileRef = C96AF3C31CB5A1490019C743 /* KSDispatcher.m */; };
		C97088E91C98476F003B6E6D /* KSObserver.m in Sources */ = {isa = PBXBuildFile; fileRef = C97088E81C98476F003B6E6D /* KSObserver.m */; settings = {COMPILER_FLAGS = "-fno-objc-arc"; }; };
		C97088EA1C98476F003B6E6D /* KSObserver.m in Sources */ = {isa = PBXBuildFile; fileRef = C97088E81C98476F003B6E6D /* KSObserver.m */; };
		C9789FD51C904CD20066530A /* KSEnterprise.m in Sources */ = {isa = PBXBuildFile; fileRef = C9789FD41C904CD20066530A /* KSEnterprise.m */; };
		C9789FD61C904CD20066530A /* KSEnterprise.m in Sources */ = {isa = PBXBuildFile; fileRef = C9789FD41C904CD20066530A /* KSEnterprise.m */; };
		C978A0791C905EBA0066530A /* KSCar.m in Sources */ = {isa = PBXBuildFile; fileRef = C978A0781C905EBA0066530A /* KSCar.m */; };
		C978A07A1C905EBA0066530A /* KSCar.m in Sources */ = {isa = PBXBuildFile; fileRef = C978A0781C905EBA0066530A /* KSCar.m */; };
		C978A07E1C906E590066530A /* KSEmployee.m in Sources */ = {isa = PBXBuildFile; fileRef = C978A07D1C906E590066530A /* KSEmployee.m */; };
		C978A07F1C906E590066530A /* KSEmployee.m in Sources */ = {isa = PBXBuildFile; fileRef = C978A07D1C906E590066530A /* KSEmployee.m */; };
		C97ABD571C831385003A4E3C /* TestObjC.m in Sources */ = {isa = PBXBuildFile; fileRef = C97ABD561C831385003A4E3C /* TestObjC.m */; };
		C97ABD5C1C8313CF003A4E3C /* NSObject+KSExtension.m in Sources */ = {isa = PBXBuildFile; fileRef = C9CC74CD1C7F578400E2F161 /* NSObject+KSExtension.m */; };
		C97ABD5E1C8313D5003A4E3C /* KSCreatureTest.m in Sources */ = {isa = PBXBuildFile; fileRef = C992544B1C7E38E20067DABA /* KSCreatureTest.m */; };
		C97ABD5F1C8313D9003A4E3C /* KSCreatureFemale.m in Sources */ = {isa = PBXBuildFile; fileRef = C95BED3F1C79C6DE00E853F6 /* KSCreatureFemale.m */; };
		C97ABD601C8313DC003A4E3C /* KSCreatureMale.m in Sources */ = {isa = PBXBuildFile; fileRef = C95BED3C1C79C6BF00E853F6 /* KSCreatureMale.m */; };
		C97ABD611C8313DF003A4E3C /* KSCreature.m in Sources */ = {isa = PBXBuildFile; fileRef = C94C67051C775F0A00B59836 /* KSCreature.m */; };
		C97ABD621C8313E3003A4E3C /* main.m in Sources */ = {isa = PBXBuildFile; fileRef = C94C670B1C775F0A00B59836 /* main.m */; };
		C992544C1C7E38E20067DABA /* KSCreatureTest.m in Sources */ = {isa = PBXBuildFile; fileRef = C992544B1C7E38E20067DABA /* KSCreatureTest.m */; };
		C9CC74CE1C7F578400E2F161 /* NSObject+KSExtension.m in Sources */ = {isa = PBXBuildFile; fileRef = C9CC74CD1C7F578400E2F161 /* NSObject+KSExtension.m */; };
		C9D7BCD41CBE781000F5DE57 /* KSObserverDictionary.m in Sources */ = {isa = PBXBuildFile; fileRef = C9D7BCD31CBE781000F5DE57 /* KSObserverDictionary.m */; settings = {COMPILER_FLAGS = "-fno-objc-arc"; }; };
		C9D7BCD51CBE781000F5DE57 /* KSObserverDictionary.m in Sources */ = {isa = PBXBuildFile; fileRef = C9D7BCD31CBE781000F5DE57 /* KSObserverDictionary.m */; };
		C9D7BCD91CBE784000F5DE57 /* KSObserverArray.m in Sources */ = {isa = PBXBuildFile; fileRef = C9D7BCD81CBE784000F5DE57 /* KSObserverArray.m */; settings = {COMPILER_FLAGS = "-fno-objc-arc"; }; };
		C9D7BCDA1CBE784000F5DE57 /* KSObserverArray.m in Sources */ = {isa = PBXBuildFile; fileRef = C9D7BCD81CBE784000F5DE57 /* KSObserverArray.m */; };
		C9D7BCDE1CBE786800F5DE57 /* KSObserverObject.m in Sources */ = {isa = PBXBuildFile; fileRef = C9D7BCDD1CBE786800F5DE57 /* KSObserverObject.m */; settings = {COMPILER_FLAGS = "-fobjc-arc"; }; };
		C9D7BCDF1CBE786800F5DE57 /* KSObserverObject.m in Sources */ = {isa = PBXBuildFile; fileRef = C9D7BCDD1CBE786800F5DE57 /* KSObserverObject.m */; };
/* End PBXBuildFile section */

/* Begin PBXCopyFilesBuildPhase section */
		C94C66EB1C775E2B00B59836 /* CopyFiles */ = {
			isa = PBXCopyFilesBuildPhase;
			buildActionMask = 2147483647;
			dstPath = /usr/share/man/man1/;
			dstSubfolderSpec = 0;
			files = (
			);
			runOnlyForDeploymentPostprocessing = 1;
		};
		C993CAD31C32D2C600593631 /* CopyFiles */ = {
			isa = PBXCopyFilesBuildPhase;
			buildActionMask = 2147483647;
			dstPath = /usr/share/man/man1/;
			dstSubfolderSpec = 0;
			files = (
			);
			runOnlyForDeploymentPostprocessing = 1;
		};
/* End PBXCopyFilesBuildPhase section */

/* Begin PBXFileReference section */
		C93D4C911CB0557A00E832A7 /* KSQueue.h */ = {isa = PBXFileReference; fileEncoding = 4; lastKnownFileType = sourcecode.c.h; path = KSQueue.h; sourceTree = "<group>"; };
		C93D4C921CB0557A00E832A7 /* KSQueue.m */ = {isa = PBXFileReference; fileEncoding = 4; lastKnownFileType = sourcecode.c.objc; path = KSQueue.m; sourceTree = "<group>"; };
		C93F0E601C95A53400DB3FEC /* KSCarsWasher.h */ = {isa = PBXFileReference; fileEncoding = 4; lastKnownFileType = sourcecode.c.h; path = KSCarsWasher.h; sourceTree = "<group>"; };
		C93F0E611C95A53400DB3FEC /* KSCarsWasher.m */ = {isa = PBXFileReference; fileEncoding = 4; lastKnownFileType = sourcecode.c.objc; path = KSCarsWasher.m; sourceTree = "<group>"; };
		C93F0E651C95A55B00DB3FEC /* KSBoss.h */ = {isa = PBXFileReference; fileEncoding = 4; lastKnownFileType = sourcecode.c.h; path = KSBoss.h; sourceTree = "<group>"; };
		C93F0E661C95A55B00DB3FEC /* KSBoss.m */ = {isa = PBXFileReference; fileEncoding = 4; lastKnownFileType = sourcecode.c.objc; path = KSBoss.m; sourceTree = "<group>"; };
		C93F0E6A1C95A59D00DB3FEC /* KSAccountant.h */ = {isa = PBXFileReference; fileEncoding = 4; lastKnownFileType = sourcecode.c.h; path = KSAccountant.h; sourceTree = "<group>"; };
		C93F0E6B1C95A59D00DB3FEC /* KSAccountant.m */ = {isa = PBXFileReference; fileEncoding = 4; lastKnownFileType = sourcecode.c.objc; path = KSAccountant.m; sourceTree = "<group>"; };
		C93F0E6F1C95C70E00DB3FEC /* KSMoneyProtocol.h */ = {isa = PBXFileReference; fileEncoding = 4; lastKnownFileType = sourcecode.c.h; path = KSMoneyProtocol.h; sourceTree = "<group>"; };
		C93F0E721C95C7F100DB3FEC /* KSWorkerProtocol.h */ = {isa = PBXFileReference; fileEncoding = 4; lastKnownFileType = sourcecode.c.h; path = KSWorkerProtocol.h; sourceTree = "<group>"; };
		C94494641CB166100082145C /* TestKSCarWasher.m */ = {isa = PBXFileReference; fileEncoding = 4; lastKnownFileType = sourcecode.c.objc; path = TestKSCarWasher.m; sourceTree = "<group>"; };
		C94C66ED1C775E2B00B59836 /* ObjC */ = {isa = PBXFileReference; explicitFileType = "compiled.mach-o.executable"; includeInIndex = 0; path = ObjC; sourceTree = BUILT_PRODUCTS_DIR; };
		C94C67051C775F0A00B59836 /* KSCreature.m */ = {isa = PBXFileReference; fileEncoding = 4; lastKnownFileType = sourcecode.c.objc; path = KSCreature.m; sourceTree = "<group>"; };
		C94C67061C775F0A00B59836 /* KSCreature.h */ = {isa = PBXFileReference; fileEncoding = 4; lastKnownFileType = sourcecode.c.h; path = KSCreature.h; sourceTree = "<group>"; };
		C94C670B1C775F0A00B59836 /* main.m */ = {isa = PBXFileReference; fileEncoding = 4; lastKnownFileType = sourcecode.c.objc; path = main.m; sourceTree = "<group>"; };
		C94C754B1CC6800C008014FB /* IOSProject.app */ = {isa = PBXFileReference; explicitFileType = wrapper.application; includeInIndex = 0; path = IOSProject.app; sourceTree = BUILT_PRODUCTS_DIR; };
		C94F38DE1CC51E30006229E1 /* KSDispatch.h */ = {isa = PBXFileReference; fileEncoding = 4; lastKnownFileType = sourcecode.c.h; path = KSDispatch.h; sourceTree = "<group>"; };
		C94F38DF1CC51E30006229E1 /* KSDispatch.m */ = {isa = PBXFileReference; fileEncoding = 4; lastKnownFileType = sourcecode.c.objc; path = KSDispatch.m; sourceTree = "<group>"; };
		C95BED3B1C79C6BF00E853F6 /* KSCreatureMale.h */ = {isa = PBXFileReference; fileEncoding = 4; lastKnownFileType = sourcecode.c.h; path = KSCreatureMale.h; sourceTree = "<group>"; };
		C95BED3C1C79C6BF00E853F6 /* KSCreatureMale.m */ = {isa = PBXFileReference; fileEncoding = 4; lastKnownFileType = sourcecode.c.objc; path = KSCreatureMale.m; sourceTree = "<group>"; };
		C95BED3E1C79C6DE00E853F6 /* KSCreatureFemale.h */ = {isa = PBXFileReference; fileEncoding = 4; lastKnownFileType = sourcecode.c.h; path = KSCreatureFemale.h; sourceTree = "<group>"; };
		C95BED3F1C79C6DE00E853F6 /* KSCreatureFemale.m */ = {isa = PBXFileReference; fileEncoding = 4; lastKnownFileType = sourcecode.c.objc; path = KSCreatureFemale.m; sourceTree = "<group>"; };
		C963802D1D0711C800C8781D /* FBProject.app */ = {isa = PBXFileReference; explicitFileType = wrapper.application; includeInIndex = 0; path = FBProject.app; sourceTree = BUILT_PRODUCTS_DIR; };
		C96380641D07185400C8781D /* gremlin.jpg */ = {isa = PBXFileReference; lastKnownFileType = image.jpeg; path = gremlin.jpg; sourceTree = "<group>"; };
		C96380681D07185400C8781D /* KSAlphabet.h */ = {isa = PBXFileReference; fileEncoding = 4; lastKnownFileType = sourcecode.c.h; path = KSAlphabet.h; sourceTree = "<group>"; };
		C96380691D07185400C8781D /* KSAlphabet.m */ = {isa = PBXFileReference; fileEncoding = 4; lastKnownFileType = sourcecode.c.objc; path = KSAlphabet.m; sourceTree = "<group>"; };
		C963806B1D07185400C8781D /* KSAlphabetCluster.h */ = {isa = PBXFileReference; fileEncoding = 4; lastKnownFileType = sourcecode.c.h; path = KSAlphabetCluster.h; sourceTree = "<group>"; };
		C963806C1D07185400C8781D /* KSAlphabetCluster.m */ = {isa = PBXFileReference; fileEncoding = 4; lastKnownFileType = sourcecode.c.objc; path = KSAlphabetCluster.m; sourceTree = "<group>"; };
		C963806D1D07185400C8781D /* KSAlphabetRange.h */ = {isa = PBXFileReference; fileEncoding = 4; lastKnownFileType = sourcecode.c.h; path = KSAlphabetRange.h; sourceTree = "<group>"; };
		C963806E1D07185400C8781D /* KSAlphabetRange.m */ = {isa = PBXFileReference; fileEncoding = 4; lastKnownFileType = sourcecode.c.objc; path = KSAlphabetRange.m; sourceTree = "<group>"; };
		C963806F1D07185400C8781D /* KSAlphabetString.h */ = {isa = PBXFileReference; fileEncoding = 4; lastKnownFileType = sourcecode.c.h; path = KSAlphabetString.h; sourceTree = "<group>"; };
		C96380701D07185400C8781D /* KSAlphabetString.m */ = {isa = PBXFileReference; fileEncoding = 4; lastKnownFileType = sourcecode.c.objc; path = KSAlphabetString.m; sourceTree = "<group>"; };
		C96380731D07185400C8781D /* KSArrayModel.h */ = {isa = PBXFileReference; fileEncoding = 4; lastKnownFileType = sourcecode.c.h; path = KSArrayModel.h; sourceTree = "<group>"; };
		C96380741D07185400C8781D /* KSArrayModel.m */ = {isa = PBXFileReference; fileEncoding = 4; lastKnownFileType = sourcecode.c.objc; path = KSArrayModel.m; sourceTree = "<group>"; };
		C96380761D07185400C8781D /* KSArrayModelManager.h */ = {isa = PBXFileReference; fileEncoding = 4; lastKnownFileType = sourcecode.c.h; path = KSArrayModelManager.h; sourceTree = "<group>"; };
		C96380771D07185400C8781D /* KSArrayModelManager.m */ = {isa = PBXFileReference; fileEncoding = 4; lastKnownFileType = sourcecode.c.objc; path = KSArrayModelManager.m; sourceTree = "<group>"; };
		C96380791D07185400C8781D /* KSCache.h */ = {isa = PBXFileReference; fileEncoding = 4; lastKnownFileType = sourcecode.c.h; path = KSCache.h; sourceTree = "<group>"; };
		C963807A1D07185400C8781D /* KSCache.m */ = {isa = PBXFileReference; fileEncoding = 4; lastKnownFileType = sourcecode.c.objc; path = KSCache.m; sourceTree = "<group>"; };
		C963807D1D07185400C8781D /* KSImageModel.h */ = {isa = PBXFileReference; fileEncoding = 4; lastKnownFileType = sourcecode.c.h; path = KSImageModel.h; sourceTree = "<group>"; };
		C963807E1D07185400C8781D /* KSImageModel.m */ = {isa = PBXFileReference; fileEncoding = 4; lastKnownFileType = sourcecode.c.objc; path = KSImageModel.m; sourceTree = "<group>"; };
		C963807F1D07185400C8781D /* KSImageView.h */ = {isa = PBXFileReference; fileEncoding = 4; lastKnownFileType = sourcecode.c.h; path = KSImageView.h; sourceTree = "<group>"; };
		C96380801D07185400C8781D /* KSImageView.m */ = {isa = PBXFileReference; fileEncoding = 4; lastKnownFileType = sourcecode.c.objc; path = KSImageView.m; sourceTree = "<group>"; };
		C96380821D07185400C8781D /* KSModel.h */ = {isa = PBXFileReference; fileEncoding = 4; lastKnownFileType = sourcecode.c.h; path = KSModel.h; sourceTree = "<group>"; };
		C96380831D07185400C8781D /* KSModel.m */ = {isa = PBXFileReference; fileEncoding = 4; lastKnownFileType = sourcecode.c.objc; path = KSModel.m; sourceTree = "<group>"; };
		C96380851D07185400C8781D /* KSStateModel.h */ = {isa = PBXFileReference; fileEncoding = 4; lastKnownFileType = sourcecode.c.h; path = KSStateModel.h; sourceTree = "<group>"; };
		C96380861D07185400C8781D /* KSStateModel.m */ = {isa = PBXFileReference; fileEncoding = 4; lastKnownFileType = sourcecode.c.objc; path = KSStateModel.m; sourceTree = "<group>"; };
		C96380881D07185400C8781D /* KSStringModel.h */ = {isa = PBXFileReference; fileEncoding = 4; lastKnownFileType = sourcecode.c.h; path = KSStringModel.h; sourceTree = "<group>"; };
		C96380891D07185400C8781D /* KSStringModel.m */ = {isa = PBXFileReference; fileEncoding = 4; lastKnownFileType = sourcecode.c.objc; path = KSStringModel.m; sourceTree = "<group>"; };
		C963808D1D07185400C8781D /* KSLabelView.h */ = {isa = PBXFileReference; fileEncoding = 4; lastKnownFileType = sourcecode.c.h; path = KSLabelView.h; sourceTree = "<group>"; };
		C963808E1D07185400C8781D /* KSLabelView.m */ = {isa = PBXFileReference; fileEncoding = 4; lastKnownFileType = sourcecode.c.objc; path = KSLabelView.m; sourceTree = "<group>"; };
		C963808F1D07185400C8781D /* KSLabelViewController.h */ = {isa = PBXFileReference; fileEncoding = 4; lastKnownFileType = sourcecode.c.h; path = KSLabelViewController.h; sourceTree = "<group>"; };
		C96380901D07185400C8781D /* KSLabelViewController.m */ = {isa = PBXFileReference; fileEncoding = 4; lastKnownFileType = sourcecode.c.objc; path = KSLabelViewController.m; sourceTree = "<group>"; };
		C96380911D07185400C8781D /* KSLabelViewController.xib */ = {isa = PBXFileReference; fileEncoding = 4; lastKnownFileType = file.xib; path = KSLabelViewController.xib; sourceTree = "<group>"; };
		C96380931D07185400C8781D /* KSUserViewCell.h */ = {isa = PBXFileReference; fileEncoding = 4; lastKnownFileType = sourcecode.c.h; path = KSUserViewCell.h; sourceTree = "<group>"; };
		C96380941D07185400C8781D /* KSUserViewCell.m */ = {isa = PBXFileReference; fileEncoding = 4; lastKnownFileType = sourcecode.c.objc; path = KSUserViewCell.m; sourceTree = "<group>"; };
		C96380951D07185400C8781D /* KSUserViewCell.xib */ = {isa = PBXFileReference; fileEncoding = 4; lastKnownFileType = file.xib; path = KSUserViewCell.xib; sourceTree = "<group>"; };
		C96380981D07185400C8781D /* KSUserView.h */ = {isa = PBXFileReference; fileEncoding = 4; lastKnownFileType = sourcecode.c.h; path = KSUserView.h; sourceTree = "<group>"; };
		C96380991D07185400C8781D /* KSUserView.m */ = {isa = PBXFileReference; fileEncoding = 4; lastKnownFileType = sourcecode.c.objc; path = KSUserView.m; sourceTree = "<group>"; };
		C963809A1D07185400C8781D /* KSUserViewController.h */ = {isa = PBXFileReference; fileEncoding = 4; lastKnownFileType = sourcecode.c.h; path = KSUserViewController.h; sourceTree = "<group>"; };
		C963809B1D07185400C8781D /* KSUserViewController.m */ = {isa = PBXFileReference; fileEncoding = 4; lastKnownFileType = sourcecode.c.objc; path = KSUserViewController.m; sourceTree = "<group>"; };
		C963809C1D07185400C8781D /* KSUserViewController.xib */ = {isa = PBXFileReference; fileEncoding = 4; lastKnownFileType = file.xib; path = KSUserViewController.xib; sourceTree = "<group>"; };
		C963809F1D07185400C8781D /* KSLoadingView.h */ = {isa = PBXFileReference; fileEncoding = 4; lastKnownFileType = sourcecode.c.h; path = KSLoadingView.h; sourceTree = "<group>"; };
		C96380A01D07185400C8781D /* KSLoadingView.m */ = {isa = PBXFileReference; fileEncoding = 4; lastKnownFileType = sourcecode.c.objc; path = KSLoadingView.m; sourceTree = "<group>"; };
		C96380A11D07185400C8781D /* KSLoadingView.xib */ = {isa = PBXFileReference; fileEncoding = 4; lastKnownFileType = file.xib; path = KSLoadingView.xib; sourceTree = "<group>"; };
		C96380A21D07185400C8781D /* KSView.h */ = {isa = PBXFileReference; fileEncoding = 4; lastKnownFileType = sourcecode.c.h; path = KSView.h; sourceTree = "<group>"; };
		C96380A31D07185400C8781D /* KSView.m */ = {isa = PBXFileReference; fileEncoding = 4; lastKnownFileType = sourcecode.c.objc; path = KSView.m; sourceTree = "<group>"; };
		C96380A51D07185400C8781D /* Assets.xcassets */ = {isa = PBXFileReference; lastKnownFileType = folder.assetcatalog; path = Assets.xcassets; sourceTree = "<group>"; };
		C96380A71D07185400C8781D /* Base */ = {isa = PBXFileReference; lastKnownFileType = file.storyboard; name = Base; path = Base.lproj/LaunchScreen.storyboard; sourceTree = "<group>"; };
		C96380A91D07185400C8781D /* Base */ = {isa = PBXFileReference; lastKnownFileType = file.storyboard; name = Base; path = Base.lproj/Main.storyboard; sourceTree = "<group>"; };
		C96380AB1D07185400C8781D /* KSAppDelegate.h */ = {isa = PBXFileReference; fileEncoding = 4; lastKnownFileType = sourcecode.c.h; path = KSAppDelegate.h; sourceTree = "<group>"; };
		C96380AC1D07185400C8781D /* KSAppDelegate.m */ = {isa = PBXFileReference; fileEncoding = 4; lastKnownFileType = sourcecode.c.objc; path = KSAppDelegate.m; sourceTree = "<group>"; };
		C96380AE1D07185400C8781D /* main.m */ = {isa = PBXFileReference; fileEncoding = 4; lastKnownFileType = sourcecode.c.objc; path = main.m; sourceTree = "<group>"; };
		C96381161D07261100C8781D /* CGGeometry+KSExtensions.h */ = {isa = PBXFileReference; fileEncoding = 4; lastKnownFileType = sourcecode.c.h; path = "CGGeometry+KSExtensions.h"; sourceTree = "<group>"; };
		C96381171D07261100C8781D /* CGGeometry+KSExtensions.m */ = {isa = PBXFileReference; fileEncoding = 4; lastKnownFileType = sourcecode.c.objc; path = "CGGeometry+KSExtensions.m"; sourceTree = "<group>"; };
		C96381191D07261100C8781D /* NSBundle+KSExtensions.h */ = {isa = PBXFileReference; fileEncoding = 4; lastKnownFileType = sourcecode.c.h; path = "NSBundle+KSExtensions.h"; sourceTree = "<group>"; };
		C963811A1D07261100C8781D /* NSBundle+KSExtensions.m */ = {isa = PBXFileReference; fileEncoding = 4; lastKnownFileType = sourcecode.c.objc; path = "NSBundle+KSExtensions.m"; sourceTree = "<group>"; };
		C963811C1D07261100C8781D /* NSFileManager+KSExtensions.h */ = {isa = PBXFileReference; fileEncoding = 4; lastKnownFileType = sourcecode.c.h; path = "NSFileManager+KSExtensions.h"; sourceTree = "<group>"; };
		C963811D1D07261100C8781D /* NSFileManager+KSExtensions.m */ = {isa = PBXFileReference; fileEncoding = 4; lastKnownFileType = sourcecode.c.objc; path = "NSFileManager+KSExtensions.m"; sourceTree = "<group>"; };
		C963811F1D07261100C8781D /* NSObject+KSExtension.h */ = {isa = PBXFileReference; fileEncoding = 4; lastKnownFileType = sourcecode.c.h; path = "NSObject+KSExtension.h"; sourceTree = "<group>"; };
		C96381201D07261100C8781D /* NSObject+KSExtension.m */ = {isa = PBXFileReference; fileEncoding = 4; lastKnownFileType = sourcecode.c.objc; path = "NSObject+KSExtension.m"; sourceTree = "<group>"; };
		C96381221D07261100C8781D /* NSString+KSExtension.h */ = {isa = PBXFileReference; fileEncoding = 4; lastKnownFileType = sourcecode.c.h; path = "NSString+KSExtension.h"; sourceTree = "<group>"; };
		C96381231D07261100C8781D /* NSString+KSExtension.m */ = {isa = PBXFileReference; fileEncoding = 4; lastKnownFileType = sourcecode.c.objc; path = "NSString+KSExtension.m"; sourceTree = "<group>"; };
		C96381251D07261100C8781D /* UINib+KSExtensions.h */ = {isa = PBXFileReference; fileEncoding = 4; lastKnownFileType = sourcecode.c.h; path = "UINib+KSExtensions.h"; sourceTree = "<group>"; };
		C96381261D07261100C8781D /* UINib+KSExtensions.m */ = {isa = PBXFileReference; fileEncoding = 4; lastKnownFileType = sourcecode.c.objc; path = "UINib+KSExtensions.m"; sourceTree = "<group>"; };
		C96381281D07261100C8781D /* UITableView+KSExtensions.h */ = {isa = PBXFileReference; fileEncoding = 4; lastKnownFileType = sourcecode.c.h; path = "UITableView+KSExtensions.h"; sourceTree = "<group>"; };
		C96381291D07261100C8781D /* UITableView+KSExtensions.m */ = {isa = PBXFileReference; fileEncoding = 4; lastKnownFileType = sourcecode.c.objc; path = "UITableView+KSExtensions.m"; sourceTree = "<group>"; };
		C963812B1D07261100C8781D /* UIViewController+KSExtensions.h */ = {isa = PBXFileReference; fileEncoding = 4; lastKnownFileType = sourcecode.c.h; path = "UIViewController+KSExtensions.h"; sourceTree = "<group>"; };
		C963812C1D07261100C8781D /* UIViewController+KSExtensions.m */ = {isa = PBXFileReference; fileEncoding = 4; lastKnownFileType = sourcecode.c.objc; path = "UIViewController+KSExtensions.m"; sourceTree = "<group>"; };
		C963812E1D07261100C8781D /* UIWindow+KSExtension.h */ = {isa = PBXFileReference; fileEncoding = 4; lastKnownFileType = sourcecode.c.h; path = "UIWindow+KSExtension.h"; sourceTree = "<group>"; };
		C963812F1D07261100C8781D /* UIWindow+KSExtension.m */ = {isa = PBXFileReference; fileEncoding = 4; lastKnownFileType = sourcecode.c.objc; path = "UIWindow+KSExtension.m"; sourceTree = "<group>"; };
		C96381301D07261100C8781D /* KSIOSProject-Prefix.pch */ = {isa = PBXFileReference; fileEncoding = 4; lastKnownFileType = sourcecode.c.h; path = "KSIOSProject-Prefix.pch"; sourceTree = "<group>"; };
		C963814D1D07415000C8781D /* KSMacro.h */ = {isa = PBXFileReference; fileEncoding = 4; lastKnownFileType = sourcecode.c.h; path = KSMacro.h; sourceTree = "<group>"; };
		C96381511D07427D00C8781D /* Assets.xcassets */ = {isa = PBXFileReference; lastKnownFileType = folder.assetcatalog; path = Assets.xcassets; sourceTree = "<group>"; };
		C96381531D07427D00C8781D /* Base */ = {isa = PBXFileReference; lastKnownFileType = file.storyboard; name = Base; path = Base.lproj/LaunchScreen.storyboard; sourceTree = "<group>"; };
		C96381551D07427D00C8781D /* Base */ = {isa = PBXFileReference; lastKnownFileType = file.storyboard; name = Base; path = Base.lproj/Main.storyboard; sourceTree = "<group>"; };
		C96381561D07427D00C8781D /* Info.plist */ = {isa = PBXFileReference; fileEncoding = 4; lastKnownFileType = text.plist.xml; path = Info.plist; sourceTree = "<group>"; };
		C96381571D07427D00C8781D /* main.m */ = {isa = PBXFileReference; fileEncoding = 4; lastKnownFileType = sourcecode.c.objc; path = main.m; sourceTree = "<group>"; };
		C96381701D0742B200C8781D /* AppDelegate.h */ = {isa = PBXFileReference; fileEncoding = 4; lastKnownFileType = sourcecode.c.h; path = AppDelegate.h; sourceTree = "<group>"; };
		C96381711D0742B200C8781D /* AppDelegate.m */ = {isa = PBXFileReference; fileEncoding = 4; lastKnownFileType = sourcecode.c.objc; path = AppDelegate.m; sourceTree = "<group>"; };
		C96381741D0743AE00C8781D /* Info.plist */ = {isa = PBXFileReference; fileEncoding = 4; lastKnownFileType = text.plist.xml; path = Info.plist; sourceTree = "<group>"; };
		C96905DE1C89CEBE00C3441C /* iOS Study Plan.txt */ = {isa = PBXFileReference; lastKnownFileType = text; path = "iOS Study Plan.txt"; sourceTree = "<group>"; };
		C96AF3C21CB5A1490019C743 /* KSDispatcher.h */ = {isa = PBXFileReference; fileEncoding = 4; lastKnownFileType = sourcecode.c.h; path = KSDispatcher.h; sourceTree = "<group>"; };
		C96AF3C31CB5A1490019C743 /* KSDispatcher.m */ = {isa = PBXFileReference; fileEncoding = 4; lastKnownFileType = sourcecode.c.objc; path = KSDispatcher.m; sourceTree = "<group>"; };
		C96EF6491CC22E560008FB8D /* KSMacro.h */ = {isa = PBXFileReference; fileEncoding = 4; lastKnownFileType = sourcecode.c.h; path = KSMacro.h; sourceTree = "<group>"; };
		C97088E71C98476F003B6E6D /* KSObserver.h */ = {isa = PBXFileReference; fileEncoding = 4; lastKnownFileType = sourcecode.c.h; path = KSObserver.h; sourceTree = "<group>"; };
		C97088E81C98476F003B6E6D /* KSObserver.m */ = {isa = PBXFileReference; fileEncoding = 4; lastKnownFileType = sourcecode.c.objc; path = KSObserver.m; sourceTree = "<group>"; };
		C9789FD31C904CD20066530A /* KSEnterprise.h */ = {isa = PBXFileReference; fileEncoding = 4; lastKnownFileType = sourcecode.c.h; path = KSEnterprise.h; sourceTree = "<group>"; };
		C9789FD41C904CD20066530A /* KSEnterprise.m */ = {isa = PBXFileReference; fileEncoding = 4; lastKnownFileType = sourcecode.c.objc; path = KSEnterprise.m; sourceTree = "<group>"; };
		C978A0771C905EBA0066530A /* KSCar.h */ = {isa = PBXFileReference; fileEncoding = 4; lastKnownFileType = sourcecode.c.h; path = KSCar.h; sourceTree = "<group>"; };
		C978A0781C905EBA0066530A /* KSCar.m */ = {isa = PBXFileReference; fileEncoding = 4; lastKnownFileType = sourcecode.c.objc; path = KSCar.m; sourceTree = "<group>"; };
		C978A07C1C906E590066530A /* KSEmployee.h */ = {isa = PBXFileReference; fileEncoding = 4; lastKnownFileType = sourcecode.c.h; path = KSEmployee.h; sourceTree = "<group>"; };
		C978A07D1C906E590066530A /* KSEmployee.m */ = {isa = PBXFileReference; fileEncoding = 4; lastKnownFileType = sourcecode.c.objc; path = KSEmployee.m; sourceTree = "<group>"; };
		C97ABD541C831385003A4E3C /* TestObjC.xctest */ = {isa = PBXFileReference; explicitFileType = wrapper.cfbundle; includeInIndex = 0; path = TestObjC.xctest; sourceTree = BUILT_PRODUCTS_DIR; };
		C97ABD561C831385003A4E3C /* TestObjC.m */ = {isa = PBXFileReference; lastKnownFileType = sourcecode.c.objc; path = TestObjC.m; sourceTree = "<group>"; };
		C97ABD581C831385003A4E3C /* Info.plist */ = {isa = PBXFileReference; lastKnownFileType = text.plist.xml; path = Info.plist; sourceTree = "<group>"; };
		C992544A1C7E38E20067DABA /* KSCreatureTest.h */ = {isa = PBXFileReference; fileEncoding = 4; lastKnownFileType = sourcecode.c.h; path = KSCreatureTest.h; sourceTree = "<group>"; };
		C992544B1C7E38E20067DABA /* KSCreatureTest.m */ = {isa = PBXFileReference; fileEncoding = 4; lastKnownFileType = sourcecode.c.objc; path = KSCreatureTest.m; sourceTree = "<group>"; };
		C993CAD51C32D2C600593631 /* С */ = {isa = PBXFileReference; explicitFileType = "compiled.mach-o.executable"; includeInIndex = 0; path = "С"; sourceTree = BUILT_PRODUCTS_DIR; };
		C9CC74CC1C7F578400E2F161 /* NSObject+KSExtension.h */ = {isa = PBXFileReference; fileEncoding = 4; lastKnownFileType = sourcecode.c.h; path = "NSObject+KSExtension.h"; sourceTree = "<group>"; };
		C9CC74CD1C7F578400E2F161 /* NSObject+KSExtension.m */ = {isa = PBXFileReference; fileEncoding = 4; lastKnownFileType = sourcecode.c.objc; path = "NSObject+KSExtension.m"; sourceTree = "<group>"; };
		C9CC74D01C7F58E000E2F161 /* KSIdapStudy-Prefix.pch */ = {isa = PBXFileReference; fileEncoding = 4; lastKnownFileType = sourcecode.c.h; path = "KSIdapStudy-Prefix.pch"; sourceTree = "<group>"; };
		C9D7BCD21CBE781000F5DE57 /* KSObserverDictionary.h */ = {isa = PBXFileReference; fileEncoding = 4; lastKnownFileType = sourcecode.c.h; path = KSObserverDictionary.h; sourceTree = "<group>"; };
		C9D7BCD31CBE781000F5DE57 /* KSObserverDictionary.m */ = {isa = PBXFileReference; fileEncoding = 4; lastKnownFileType = sourcecode.c.objc; path = KSObserverDictionary.m; sourceTree = "<group>"; };
		C9D7BCD71CBE784000F5DE57 /* KSObserverArray.h */ = {isa = PBXFileReference; fileEncoding = 4; lastKnownFileType = sourcecode.c.h; path = KSObserverArray.h; sourceTree = "<group>"; };
		C9D7BCD81CBE784000F5DE57 /* KSObserverArray.m */ = {isa = PBXFileReference; fileEncoding = 4; lastKnownFileType = sourcecode.c.objc; path = KSObserverArray.m; sourceTree = "<group>"; };
		C9D7BCDC1CBE786800F5DE57 /* KSObserverObject.h */ = {isa = PBXFileReference; fileEncoding = 4; lastKnownFileType = sourcecode.c.h; path = KSObserverObject.h; sourceTree = "<group>"; };
		C9D7BCDD1CBE786800F5DE57 /* KSObserverObject.m */ = {isa = PBXFileReference; fileEncoding = 4; lastKnownFileType = sourcecode.c.objc; path = KSObserverObject.m; sourceTree = "<group>"; };
/* End PBXFileReference section */

/* Begin PBXFrameworksBuildPhase section */
		C94C66EA1C775E2B00B59836 /* Frameworks */ = {
			isa = PBXFrameworksBuildPhase;
			buildActionMask = 2147483647;
			files = (
			);
			runOnlyForDeploymentPostprocessing = 0;
		};
		C94C75481CC6800C008014FB /* Frameworks */ = {
			isa = PBXFrameworksBuildPhase;
			buildActionMask = 2147483647;
			files = (
			);
			runOnlyForDeploymentPostprocessing = 0;
		};
		C963802A1D0711C800C8781D /* Frameworks */ = {
			isa = PBXFrameworksBuildPhase;
			buildActionMask = 2147483647;
			files = (
			);
			runOnlyForDeploymentPostprocessing = 0;
		};
		C97ABD511C831385003A4E3C /* Frameworks */ = {
			isa = PBXFrameworksBuildPhase;
			buildActionMask = 2147483647;
			files = (
			);
			runOnlyForDeploymentPostprocessing = 0;
		};
		C993CAD21C32D2C600593631 /* Frameworks */ = {
			isa = PBXFrameworksBuildPhase;
			buildActionMask = 2147483647;
			files = (
			);
			runOnlyForDeploymentPostprocessing = 0;
		};
/* End PBXFrameworksBuildPhase section */

/* Begin PBXGroup section */
		C93D4C901CB0557A00E832A7 /* KSQueue */ = {
			isa = PBXGroup;
			children = (
				C93D4C911CB0557A00E832A7 /* KSQueue.h */,
				C93D4C921CB0557A00E832A7 /* KSQueue.m */,
			);
			path = KSQueue;
			sourceTree = "<group>";
		};
		C93F0E5F1C95A51500DB3FEC /* KSCarsWasher */ = {
			isa = PBXGroup;
			children = (
				C93F0E601C95A53400DB3FEC /* KSCarsWasher.h */,
				C93F0E611C95A53400DB3FEC /* KSCarsWasher.m */,
			);
			path = KSCarsWasher;
			sourceTree = "<group>";
		};
		C93F0E641C95A54D00DB3FEC /* KSBoss */ = {
			isa = PBXGroup;
			children = (
				C93F0E651C95A55B00DB3FEC /* KSBoss.h */,
				C93F0E661C95A55B00DB3FEC /* KSBoss.m */,
			);
			path = KSBoss;
			sourceTree = "<group>";
		};
		C93F0E691C95A58C00DB3FEC /* KSAccountant */ = {
			isa = PBXGroup;
			children = (
				C93F0E6A1C95A59D00DB3FEC /* KSAccountant.h */,
				C93F0E6B1C95A59D00DB3FEC /* KSAccountant.m */,
			);
			path = KSAccountant;
			sourceTree = "<group>";
		};
		C93F0E6E1C95C6F300DB3FEC /* KSMoneyProtocol */ = {
			isa = PBXGroup;
			children = (
				C93F0E6F1C95C70E00DB3FEC /* KSMoneyProtocol.h */,
			);
			path = KSMoneyProtocol;
			sourceTree = "<group>";
		};
		C93F0E701C95C79800DB3FEC /* KSWorkerProtocol */ = {
			isa = PBXGroup;
			children = (
				C93F0E721C95C7F100DB3FEC /* KSWorkerProtocol.h */,
			);
			path = KSWorkerProtocol;
			sourceTree = "<group>";
		};
		C94C67021C775F0A00B59836 /* ObjC */ = {
			isa = PBXGroup;
			children = (
				C9CC74CF1C7F58E000E2F161 /* Supporting Files */,
				C9CC74CB1C7F578400E2F161 /* KSExtentions */,
				C99254491C7E38E20067DABA /* KSTest */,
				C94C67031C775F0A00B59836 /* KSSourse */,
				C94C670B1C775F0A00B59836 /* main.m */,
			);
			name = ObjC;
			path = KSIdapStudy/ObjC;
			sourceTree = "<group>";
		};
		C94C67031C775F0A00B59836 /* KSSourse */ = {
			isa = PBXGroup;
			children = (
				C97088E61C984752003B6E6D /* KSObserver */,
				C94F38D81CC51D97006229E1 /* KSDispatch */,
				C96EF6481CC22E560008FB8D /* KSMacro */,
				C9789FD21C904CD20066530A /* KSEnterprise */,
				C94C67041C775F0A00B59836 /* KSCreature */,
			);
			path = KSSourse;
			sourceTree = "<group>";
		};
		C94C67041C775F0A00B59836 /* KSCreature */ = {
			isa = PBXGroup;
			children = (
				C95BED3A1C79C69D00E853F6 /* KSCreatureFemale */,
				C95BED391C79C67F00E853F6 /* KSCreatureMale */,
				C94C67051C775F0A00B59836 /* KSCreature.m */,
				C94C67061C775F0A00B59836 /* KSCreature.h */,
			);
			path = KSCreature;
			sourceTree = "<group>";
		};
		C94F38D81CC51D97006229E1 /* KSDispatch */ = {
			isa = PBXGroup;
			children = (
				C94F38DE1CC51E30006229E1 /* KSDispatch.h */,
				C94F38DF1CC51E30006229E1 /* KSDispatch.m */,
			);
			path = KSDispatch;
			sourceTree = "<group>";
		};
		C95BED391C79C67F00E853F6 /* KSCreatureMale */ = {
			isa = PBXGroup;
			children = (
				C95BED3B1C79C6BF00E853F6 /* KSCreatureMale.h */,
				C95BED3C1C79C6BF00E853F6 /* KSCreatureMale.m */,
			);
			path = KSCreatureMale;
			sourceTree = "<group>";
		};
		C95BED3A1C79C69D00E853F6 /* KSCreatureFemale */ = {
			isa = PBXGroup;
			children = (
				C95BED3E1C79C6DE00E853F6 /* KSCreatureFemale.h */,
				C95BED3F1C79C6DE00E853F6 /* KSCreatureFemale.m */,
			);
			path = KSCreatureFemale;
			sourceTree = "<group>";
		};
		C96380441D07185400C8781D /* IOSProject */ = {
			isa = PBXGroup;
			children = (
				C96380621D07185400C8781D /* KSResources */,
				C96380651D07185400C8781D /* KSSourse */,
				C96380A41D07185400C8781D /* Supporting Files */,
			);
			name = IOSProject;
			path = KSIdapStudy/IOSProject;
			sourceTree = "<group>";
		};
		C96380621D07185400C8781D /* KSResources */ = {
			isa = PBXGroup;
			children = (
				C96380631D07185400C8781D /* KSPictures */,
			);
			path = KSResources;
			sourceTree = "<group>";
		};
		C96380631D07185400C8781D /* KSPictures */ = {
			isa = PBXGroup;
			children = (
				C96380641D07185400C8781D /* gremlin.jpg */,
			);
			path = KSPictures;
			sourceTree = "<group>";
		};
		C96380651D07185400C8781D /* KSSourse */ = {
			isa = PBXGroup;
			children = (
				C96380661D07185400C8781D /* KSLibrary */,
				C96380711D07185400C8781D /* KSModels */,
				C963808A1D07185400C8781D /* KSUI */,
			);
			path = KSSourse;
			sourceTree = "<group>";
		};
		C96380661D07185400C8781D /* KSLibrary */ = {
			isa = PBXGroup;
			children = (
				C96380671D07185400C8781D /* KSAlphabet */,
			);
			path = KSLibrary;
			sourceTree = "<group>";
		};
		C96380671D07185400C8781D /* KSAlphabet */ = {
			isa = PBXGroup;
			children = (
				C96380681D07185400C8781D /* KSAlphabet.h */,
				C96380691D07185400C8781D /* KSAlphabet.m */,
				C963806A1D07185400C8781D /* Private */,
			);
			path = KSAlphabet;
			sourceTree = "<group>";
		};
		C963806A1D07185400C8781D /* Private */ = {
			isa = PBXGroup;
			children = (
				C963806B1D07185400C8781D /* KSAlphabetCluster.h */,
				C963806C1D07185400C8781D /* KSAlphabetCluster.m */,
				C963806D1D07185400C8781D /* KSAlphabetRange.h */,
				C963806E1D07185400C8781D /* KSAlphabetRange.m */,
				C963806F1D07185400C8781D /* KSAlphabetString.h */,
				C96380701D07185400C8781D /* KSAlphabetString.m */,
			);
			path = Private;
			sourceTree = "<group>";
		};
		C96380711D07185400C8781D /* KSModels */ = {
			isa = PBXGroup;
			children = (
				C96380721D07185400C8781D /* KSArrayModel */,
				C96380781D07185400C8781D /* KSCache */,
				C963807B1D07185400C8781D /* KSImageView */,
				C96380811D07185400C8781D /* KSModel */,
				C96380841D07185400C8781D /* KSStateModel */,
				C96380871D07185400C8781D /* KSStringModel */,
			);
			path = KSModels;
			sourceTree = "<group>";
		};
		C96380721D07185400C8781D /* KSArrayModel */ = {
			isa = PBXGroup;
			children = (
				C96380731D07185400C8781D /* KSArrayModel.h */,
				C96380741D07185400C8781D /* KSArrayModel.m */,
				C96380751D07185400C8781D /* KSArrayModelManager */,
			);
			path = KSArrayModel;
			sourceTree = "<group>";
		};
		C96380751D07185400C8781D /* KSArrayModelManager */ = {
			isa = PBXGroup;
			children = (
				C96380761D07185400C8781D /* KSArrayModelManager.h */,
				C96380771D07185400C8781D /* KSArrayModelManager.m */,
			);
			path = KSArrayModelManager;
			sourceTree = "<group>";
		};
		C96380781D07185400C8781D /* KSCache */ = {
			isa = PBXGroup;
			children = (
				C96380791D07185400C8781D /* KSCache.h */,
				C963807A1D07185400C8781D /* KSCache.m */,
			);
			path = KSCache;
			sourceTree = "<group>";
		};
		C963807B1D07185400C8781D /* KSImageView */ = {
			isa = PBXGroup;
			children = (
				C963807C1D07185400C8781D /* KSImageModel */,
				C963807F1D07185400C8781D /* KSImageView.h */,
				C96380801D07185400C8781D /* KSImageView.m */,
			);
			path = KSImageView;
			sourceTree = "<group>";
		};
		C963807C1D07185400C8781D /* KSImageModel */ = {
			isa = PBXGroup;
			children = (
				C963807D1D07185400C8781D /* KSImageModel.h */,
				C963807E1D07185400C8781D /* KSImageModel.m */,
			);
			path = KSImageModel;
			sourceTree = "<group>";
		};
		C96380811D07185400C8781D /* KSModel */ = {
			isa = PBXGroup;
			children = (
				C96380821D07185400C8781D /* KSModel.h */,
				C96380831D07185400C8781D /* KSModel.m */,
			);
			path = KSModel;
			sourceTree = "<group>";
		};
		C96380841D07185400C8781D /* KSStateModel */ = {
			isa = PBXGroup;
			children = (
				C96380851D07185400C8781D /* KSStateModel.h */,
				C96380861D07185400C8781D /* KSStateModel.m */,
			);
			path = KSStateModel;
			sourceTree = "<group>";
		};
		C96380871D07185400C8781D /* KSStringModel */ = {
			isa = PBXGroup;
			children = (
				C96380881D07185400C8781D /* KSStringModel.h */,
				C96380891D07185400C8781D /* KSStringModel.m */,
			);
			path = KSStringModel;
			sourceTree = "<group>";
		};
		C963808A1D07185400C8781D /* KSUI */ = {
			isa = PBXGroup;
			children = (
				C963808B1D07185400C8781D /* KSLabelViewController */,
				C96380921D07185400C8781D /* KSUserViewCell */,
				C96380961D07185400C8781D /* KSUserViewController */,
				C963809D1D07185400C8781D /* KSView */,
			);
			path = KSUI;
			sourceTree = "<group>";
		};
		C963808B1D07185400C8781D /* KSLabelViewController */ = {
			isa = PBXGroup;
			children = (
				C963808C1D07185400C8781D /* KSLabelView */,
				C963808F1D07185400C8781D /* KSLabelViewController.h */,
				C96380901D07185400C8781D /* KSLabelViewController.m */,
				C96380911D07185400C8781D /* KSLabelViewController.xib */,
			);
			path = KSLabelViewController;
			sourceTree = "<group>";
		};
		C963808C1D07185400C8781D /* KSLabelView */ = {
			isa = PBXGroup;
			children = (
				C963808D1D07185400C8781D /* KSLabelView.h */,
				C963808E1D07185400C8781D /* KSLabelView.m */,
			);
			path = KSLabelView;
			sourceTree = "<group>";
		};
		C96380921D07185400C8781D /* KSUserViewCell */ = {
			isa = PBXGroup;
			children = (
				C96380931D07185400C8781D /* KSUserViewCell.h */,
				C96380941D07185400C8781D /* KSUserViewCell.m */,
				C96380951D07185400C8781D /* KSUserViewCell.xib */,
			);
			path = KSUserViewCell;
			sourceTree = "<group>";
		};
		C96380961D07185400C8781D /* KSUserViewController */ = {
			isa = PBXGroup;
			children = (
				C96380971D07185400C8781D /* KSUserView */,
				C963809A1D07185400C8781D /* KSUserViewController.h */,
				C963809B1D07185400C8781D /* KSUserViewController.m */,
				C963809C1D07185400C8781D /* KSUserViewController.xib */,
			);
			path = KSUserViewController;
			sourceTree = "<group>";
		};
		C96380971D07185400C8781D /* KSUserView */ = {
			isa = PBXGroup;
			children = (
				C96380981D07185400C8781D /* KSUserView.h */,
				C96380991D07185400C8781D /* KSUserView.m */,
			);
			path = KSUserView;
			sourceTree = "<group>";
		};
		C963809D1D07185400C8781D /* KSView */ = {
			isa = PBXGroup;
			children = (
				C963809E1D07185400C8781D /* KSLoadingView */,
				C96380A21D07185400C8781D /* KSView.h */,
				C96380A31D07185400C8781D /* KSView.m */,
			);
			path = KSView;
			sourceTree = "<group>";
		};
		C963809E1D07185400C8781D /* KSLoadingView */ = {
			isa = PBXGroup;
			children = (
				C963809F1D07185400C8781D /* KSLoadingView.h */,
				C96380A01D07185400C8781D /* KSLoadingView.m */,
				C96380A11D07185400C8781D /* KSLoadingView.xib */,
			);
			path = KSLoadingView;
			sourceTree = "<group>";
		};
		C96380A41D07185400C8781D /* Supporting Files */ = {
			isa = PBXGroup;
			children = (
				C96381741D0743AE00C8781D /* Info.plist */,
				C96380A51D07185400C8781D /* Assets.xcassets */,
				C96380A61D07185400C8781D /* LaunchScreen.storyboard */,
				C96380A81D07185400C8781D /* Main.storyboard */,
				C96380AA1D07185400C8781D /* KSAppDelegate */,
				C96380AE1D07185400C8781D /* main.m */,
			);
			path = "Supporting Files";
			sourceTree = "<group>";
		};
		C96380AA1D07185400C8781D /* KSAppDelegate */ = {
			isa = PBXGroup;
			children = (
				C96380AB1D07185400C8781D /* KSAppDelegate.h */,
				C96380AC1D07185400C8781D /* KSAppDelegate.m */,
			);
			path = KSAppDelegate;
			sourceTree = "<group>";
		};
		C96380FD1D07187700C8781D /* FBProject */ = {
			isa = PBXGroup;
			children = (
				C963814E1D07427D00C8781D /* Supporting Files */,
			);
			name = FBProject;
			path = KSIdapStudy/FBProject;
			sourceTree = "<group>";
		};
		C96381131D07261100C8781D /* Library */ = {
			isa = PBXGroup;
			children = (
				C963814C1D07415000C8781D /* KSMacro */,
				C96381141D07261100C8781D /* KSExtensions */,
				C96381301D07261100C8781D /* KSIOSProject-Prefix.pch */,
			);
			name = Library;
			path = KSIdapStudy/Library;
			sourceTree = "<group>";
		};
		C96381141D07261100C8781D /* KSExtensions */ = {
			isa = PBXGroup;
			children = (
				C96381151D07261100C8781D /* CGGeometry+KSExtensions */,
				C96381181D07261100C8781D /* NSBundle+KSExtensions */,
				C963811B1D07261100C8781D /* NSFileManager+KSExtensions */,
				C963811E1D07261100C8781D /* NSObject+KSExtension */,
				C96381211D07261100C8781D /* NSString+KSExtension */,
				C96381241D07261100C8781D /* UINib+KSExtensions */,
				C96381271D07261100C8781D /* UITableView+KSExtensions */,
				C963812A1D07261100C8781D /* UIViewController+KSExtensions */,
				C963812D1D07261100C8781D /* UIWindow+KSExtension */,
			);
			path = KSExtensions;
			sourceTree = "<group>";
		};
		C96381151D07261100C8781D /* CGGeometry+KSExtensions */ = {
			isa = PBXGroup;
			children = (
				C96381161D07261100C8781D /* CGGeometry+KSExtensions.h */,
				C96381171D07261100C8781D /* CGGeometry+KSExtensions.m */,
			);
			path = "CGGeometry+KSExtensions";
			sourceTree = "<group>";
		};
		C96381181D07261100C8781D /* NSBundle+KSExtensions */ = {
			isa = PBXGroup;
			children = (
				C96381191D07261100C8781D /* NSBundle+KSExtensions.h */,
				C963811A1D07261100C8781D /* NSBundle+KSExtensions.m */,
			);
			path = "NSBundle+KSExtensions";
			sourceTree = "<group>";
		};
		C963811B1D07261100C8781D /* NSFileManager+KSExtensions */ = {
			isa = PBXGroup;
			children = (
				C963811C1D07261100C8781D /* NSFileManager+KSExtensions.h */,
				C963811D1D07261100C8781D /* NSFileManager+KSExtensions.m */,
			);
			path = "NSFileManager+KSExtensions";
			sourceTree = "<group>";
		};
		C963811E1D07261100C8781D /* NSObject+KSExtension */ = {
			isa = PBXGroup;
			children = (
				C963811F1D07261100C8781D /* NSObject+KSExtension.h */,
				C96381201D07261100C8781D /* NSObject+KSExtension.m */,
			);
			path = "NSObject+KSExtension";
			sourceTree = "<group>";
		};
		C96381211D07261100C8781D /* NSString+KSExtension */ = {
			isa = PBXGroup;
			children = (
				C96381221D07261100C8781D /* NSString+KSExtension.h */,
				C96381231D07261100C8781D /* NSString+KSExtension.m */,
			);
			path = "NSString+KSExtension";
			sourceTree = "<group>";
		};
		C96381241D07261100C8781D /* UINib+KSExtensions */ = {
			isa = PBXGroup;
			children = (
				C96381251D07261100C8781D /* UINib+KSExtensions.h */,
				C96381261D07261100C8781D /* UINib+KSExtensions.m */,
			);
			path = "UINib+KSExtensions";
			sourceTree = "<group>";
		};
		C96381271D07261100C8781D /* UITableView+KSExtensions */ = {
			isa = PBXGroup;
			children = (
				C96381281D07261100C8781D /* UITableView+KSExtensions.h */,
				C96381291D07261100C8781D /* UITableView+KSExtensions.m */,
			);
			path = "UITableView+KSExtensions";
			sourceTree = "<group>";
		};
		C963812A1D07261100C8781D /* UIViewController+KSExtensions */ = {
			isa = PBXGroup;
			children = (
				C963812B1D07261100C8781D /* UIViewController+KSExtensions.h */,
				C963812C1D07261100C8781D /* UIViewController+KSExtensions.m */,
			);
			path = "UIViewController+KSExtensions";
			sourceTree = "<group>";
		};
		C963812D1D07261100C8781D /* UIWindow+KSExtension */ = {
			isa = PBXGroup;
			children = (
				C963812E1D07261100C8781D /* UIWindow+KSExtension.h */,
				C963812F1D07261100C8781D /* UIWindow+KSExtension.m */,
			);
			path = "UIWindow+KSExtension";
			sourceTree = "<group>";
		};
		C963814C1D07415000C8781D /* KSMacro */ = {
			isa = PBXGroup;
			children = (
				C963814D1D07415000C8781D /* KSMacro.h */,
			);
			path = KSMacro;
			sourceTree = "<group>";
		};
		C963814E1D07427D00C8781D /* Supporting Files */ = {
			isa = PBXGroup;
			children = (
				C963816F1D0742B200C8781D /* KSAppDelegate */,
				C96381511D07427D00C8781D /* Assets.xcassets */,
				C96381521D07427D00C8781D /* LaunchScreen.storyboard */,
				C96381541D07427D00C8781D /* Main.storyboard */,
				C96381561D07427D00C8781D /* Info.plist */,
				C96381571D07427D00C8781D /* main.m */,
			);
			path = "Supporting Files";
			sourceTree = "<group>";
		};
		C963816F1D0742B200C8781D /* KSAppDelegate */ = {
			isa = PBXGroup;
			children = (
				C96381701D0742B200C8781D /* AppDelegate.h */,
				C96381711D0742B200C8781D /* AppDelegate.m */,
			);
			path = KSAppDelegate;
			sourceTree = "<group>";
		};
		C96AF3BD1CB596700019C743 /* KSDispatcher */ = {
			isa = PBXGroup;
			children = (
				C96AF3C21CB5A1490019C743 /* KSDispatcher.h */,
				C96AF3C31CB5A1490019C743 /* KSDispatcher.m */,
			);
			path = KSDispatcher;
			sourceTree = "<group>";
		};
		C96EF6481CC22E560008FB8D /* KSMacro */ = {
			isa = PBXGroup;
			children = (
				C96EF6491CC22E560008FB8D /* KSMacro.h */,
			);
			path = KSMacro;
			sourceTree = "<group>";
		};
		C97088E61C984752003B6E6D /* KSObserver */ = {
			isa = PBXGroup;
			children = (
				C9D7BCD01CBE77E800F5DE57 /* KSPrivate */,
				C97088E71C98476F003B6E6D /* KSObserver.h */,
				C97088E81C98476F003B6E6D /* KSObserver.m */,
			);
			path = KSObserver;
			sourceTree = "<group>";
		};
		C9789FD21C904CD20066530A /* KSEnterprise */ = {
			isa = PBXGroup;
			children = (
				C96AF3BD1CB596700019C743 /* KSDispatcher */,
				C93D4C901CB0557A00E832A7 /* KSQueue */,
				C9789FD31C904CD20066530A /* KSEnterprise.h */,
				C9789FD41C904CD20066530A /* KSEnterprise.m */,
				C978A07B1C906E460066530A /* KSEmployee */,
				C93F0E701C95C79800DB3FEC /* KSWorkerProtocol */,
				C93F0E6E1C95C6F300DB3FEC /* KSMoneyProtocol */,
				C978A0761C905EBA0066530A /* KSCar */,
			);
			path = KSEnterprise;
			sourceTree = "<group>";
		};
		C978A0761C905EBA0066530A /* KSCar */ = {
			isa = PBXGroup;
			children = (
				C978A0771C905EBA0066530A /* KSCar.h */,
				C978A0781C905EBA0066530A /* KSCar.m */,
			);
			path = KSCar;
			sourceTree = "<group>";
		};
		C978A07B1C906E460066530A /* KSEmployee */ = {
			isa = PBXGroup;
			children = (
				C978A07C1C906E590066530A /* KSEmployee.h */,
				C978A07D1C906E590066530A /* KSEmployee.m */,
				C93F0E691C95A58C00DB3FEC /* KSAccountant */,
				C93F0E641C95A54D00DB3FEC /* KSBoss */,
				C93F0E5F1C95A51500DB3FEC /* KSCarsWasher */,
			);
			path = KSEmployee;
			sourceTree = "<group>";
		};
		C97ABD551C831385003A4E3C /* TestObjC */ = {
			isa = PBXGroup;
			children = (
				C97ABD561C831385003A4E3C /* TestObjC.m */,
				C97ABD581C831385003A4E3C /* Info.plist */,
				C94494641CB166100082145C /* TestKSCarWasher.m */,
			);
			path = TestObjC;
			sourceTree = "<group>";
		};
		C99254491C7E38E20067DABA /* KSTest */ = {
			isa = PBXGroup;
			children = (
				C992544A1C7E38E20067DABA /* KSCreatureTest.h */,
				C992544B1C7E38E20067DABA /* KSCreatureTest.m */,
			);
			path = KSTest;
			sourceTree = "<group>";
		};
		C993CACC1C32D2C600593631 = {
			isa = PBXGroup;
			children = (
				C96905DE1C89CEBE00C3441C /* iOS Study Plan.txt */,
				C96381131D07261100C8781D /* Library */,
				C96380FD1D07187700C8781D /* FBProject */,
				C96380441D07185400C8781D /* IOSProject */,
				C94C67021C775F0A00B59836 /* ObjC */,
				C97ABD551C831385003A4E3C /* TestObjC */,
				C993CAD61C32D2C600593631 /* Products */,
			);
			sourceTree = "<group>";
		};
		C993CAD61C32D2C600593631 /* Products */ = {
			isa = PBXGroup;
			children = (
				C993CAD51C32D2C600593631 /* С */,
				C94C66ED1C775E2B00B59836 /* ObjC */,
				C97ABD541C831385003A4E3C /* TestObjC.xctest */,
				C94C754B1CC6800C008014FB /* IOSProject.app */,
				C963802D1D0711C800C8781D /* FBProject.app */,
			);
			name = Products;
			sourceTree = "<group>";
		};
		C9CC74CB1C7F578400E2F161 /* KSExtentions */ = {
			isa = PBXGroup;
			children = (
				C9CC74CC1C7F578400E2F161 /* NSObject+KSExtension.h */,
				C9CC74CD1C7F578400E2F161 /* NSObject+KSExtension.m */,
			);
			path = KSExtentions;
			sourceTree = "<group>";
		};
		C9CC74CF1C7F58E000E2F161 /* Supporting Files */ = {
			isa = PBXGroup;
			children = (
				C9CC74D01C7F58E000E2F161 /* KSIdapStudy-Prefix.pch */,
			);
			path = "Supporting Files";
			sourceTree = "<group>";
		};
		C9D7BCD01CBE77E800F5DE57 /* KSPrivate */ = {
			isa = PBXGroup;
			children = (
				C9D7BCDB1CBE785900F5DE57 /* KSObserverObject */,
				C9D7BCD61CBE783100F5DE57 /* KSObserverArray */,
				C9D7BCD11CBE780300F5DE57 /* KSObserverDictionary */,
			);
			path = KSPrivate;
			sourceTree = "<group>";
		};
		C9D7BCD11CBE780300F5DE57 /* KSObserverDictionary */ = {
			isa = PBXGroup;
			children = (
				C9D7BCD21CBE781000F5DE57 /* KSObserverDictionary.h */,
				C9D7BCD31CBE781000F5DE57 /* KSObserverDictionary.m */,
			);
			path = KSObserverDictionary;
			sourceTree = "<group>";
		};
		C9D7BCD61CBE783100F5DE57 /* KSObserverArray */ = {
			isa = PBXGroup;
			children = (
				C9D7BCD71CBE784000F5DE57 /* KSObserverArray.h */,
				C9D7BCD81CBE784000F5DE57 /* KSObserverArray.m */,
			);
			path = KSObserverArray;
			sourceTree = "<group>";
		};
		C9D7BCDB1CBE785900F5DE57 /* KSObserverObject */ = {
			isa = PBXGroup;
			children = (
				C9D7BCDC1CBE786800F5DE57 /* KSObserverObject.h */,
				C9D7BCDD1CBE786800F5DE57 /* KSObserverObject.m */,
			);
			path = KSObserverObject;
			sourceTree = "<group>";
		};
/* End PBXGroup section */

/* Begin PBXNativeTarget section */
		C94C66EC1C775E2B00B59836 /* ObjC */ = {
			isa = PBXNativeTarget;
			buildConfigurationList = C94C66F11C775E2B00B59836 /* Build configuration list for PBXNativeTarget "ObjC" */;
			buildPhases = (
				C94C66E91C775E2B00B59836 /* Sources */,
				C94C66EA1C775E2B00B59836 /* Frameworks */,
				C94C66EB1C775E2B00B59836 /* CopyFiles */,
			);
			buildRules = (
			);
			dependencies = (
			);
			name = ObjC;
			productName = ObjC;
			productReference = C94C66ED1C775E2B00B59836 /* ObjC */;
			productType = "com.apple.product-type.tool";
		};
		C94C754A1CC6800C008014FB /* IOSProject */ = {
			isa = PBXNativeTarget;
			buildConfigurationList = C94C75611CC6800C008014FB /* Build configuration list for PBXNativeTarget "IOSProject" */;
			buildPhases = (
				C94C75471CC6800C008014FB /* Sources */,
				C94C75481CC6800C008014FB /* Frameworks */,
				C94C75491CC6800C008014FB /* Resources */,
			);
			buildRules = (
			);
			dependencies = (
			);
			name = IOSProject;
			productName = IOSProject;
			productReference = C94C754B1CC6800C008014FB /* IOSProject.app */;
			productType = "com.apple.product-type.application";
		};
		C963802C1D0711C800C8781D /* FBProject */ = {
			isa = PBXNativeTarget;
			buildConfigurationList = C96380431D0711C800C8781D /* Build configuration list for PBXNativeTarget "FBProject" */;
			buildPhases = (
				C96380291D0711C800C8781D /* Sources */,
				C963802A1D0711C800C8781D /* Frameworks */,
				C963802B1D0711C800C8781D /* Resources */,
			);
			buildRules = (
			);
			dependencies = (
			);
			name = FBProject;
			productName = FBProject;
			productReference = C963802D1D0711C800C8781D /* FBProject.app */;
			productType = "com.apple.product-type.application";
		};
		C97ABD531C831385003A4E3C /* TestObjC */ = {
			isa = PBXNativeTarget;
			buildConfigurationList = C97ABD591C831385003A4E3C /* Build configuration list for PBXNativeTarget "TestObjC" */;
			buildPhases = (
				C97ABD501C831385003A4E3C /* Sources */,
				C97ABD511C831385003A4E3C /* Frameworks */,
				C97ABD521C831385003A4E3C /* Resources */,
			);
			buildRules = (
			);
			dependencies = (
			);
			name = TestObjC;
			productName = TestObjC;
			productReference = C97ABD541C831385003A4E3C /* TestObjC.xctest */;
			productType = "com.apple.product-type.bundle.unit-test";
		};
		C993CAD41C32D2C600593631 /* С */ = {
			isa = PBXNativeTarget;
			buildConfigurationList = C993CADC1C32D2C600593631 /* Build configuration list for PBXNativeTarget "С" */;
			buildPhases = (
				C993CAD11C32D2C600593631 /* Sources */,
				C993CAD21C32D2C600593631 /* Frameworks */,
				C993CAD31C32D2C600593631 /* CopyFiles */,
			);
			buildRules = (
			);
			dependencies = (
			);
			name = "С";
			productName = KSIdapStudy;
			productReference = C993CAD51C32D2C600593631 /* С */;
			productType = "com.apple.product-type.tool";
		};
/* End PBXNativeTarget section */

/* Begin PBXProject section */
		C993CACD1C32D2C600593631 /* Project object */ = {
			isa = PBXProject;
			attributes = {
				LastUpgradeCheck = 0720;
				ORGANIZATIONNAME = KulikovS;
				TargetAttributes = {
					C94C66EC1C775E2B00B59836 = {
						CreatedOnToolsVersion = 7.2;
					};
					C94C754A1CC6800C008014FB = {
						CreatedOnToolsVersion = 7.3;
					};
					C963802C1D0711C800C8781D = {
						CreatedOnToolsVersion = 7.3;
					};
					C97ABD531C831385003A4E3C = {
						CreatedOnToolsVersion = 7.2;
					};
					C993CAD41C32D2C600593631 = {
						CreatedOnToolsVersion = 7.2;
					};
				};
			};
			buildConfigurationList = C993CAD01C32D2C600593631 /* Build configuration list for PBXProject "KSIdapStudy" */;
			compatibilityVersion = "Xcode 3.2";
			developmentRegion = English;
			hasScannedForEncodings = 0;
			knownRegions = (
				en,
				Base,
			);
			mainGroup = C993CACC1C32D2C600593631;
			productRefGroup = C993CAD61C32D2C600593631 /* Products */;
			projectDirPath = "";
			projectRoot = "";
			targets = (
				C993CAD41C32D2C600593631 /* С */,
				C94C66EC1C775E2B00B59836 /* ObjC */,
				C97ABD531C831385003A4E3C /* TestObjC */,
				C94C754A1CC6800C008014FB /* IOSProject */,
				C963802C1D0711C800C8781D /* FBProject */,
			);
		};
/* End PBXProject section */

/* Begin PBXResourcesBuildPhase section */
		C94C75491CC6800C008014FB /* Resources */ = {
			isa = PBXResourcesBuildPhase;
			buildActionMask = 2147483647;
			files = (
				C96380EB1D07185400C8781D /* KSUserViewController.xib in Resources */,
				C96380F51D07185400C8781D /* LaunchScreen.storyboard in Resources */,
				C96380C31D07185400C8781D /* gremlin.jpg in Resources */,
				C96380EF1D07185400C8781D /* KSLoadingView.xib in Resources */,
				C96380F31D07185400C8781D /* Assets.xcassets in Resources */,
				C96380F71D07185400C8781D /* Main.storyboard in Resources */,
				C96380E11D07185400C8781D /* KSLabelViewController.xib in Resources */,
				C96380E51D07185400C8781D /* KSUserViewCell.xib in Resources */,
			);
			runOnlyForDeploymentPostprocessing = 0;
		};
		C963802B1D0711C800C8781D /* Resources */ = {
			isa = PBXResourcesBuildPhase;
			buildActionMask = 2147483647;
			files = (
				C96380EC1D07185400C8781D /* KSUserViewController.xib in Resources */,
				C96380F61D07185400C8781D /* LaunchScreen.storyboard in Resources */,
				C963815F1D07427D00C8781D /* Assets.xcassets in Resources */,
				C96380C41D07185400C8781D /* gremlin.jpg in Resources */,
				C96380F01D07185400C8781D /* KSLoadingView.xib in Resources */,
				C96381681D07427D00C8781D /* Info.plist in Resources */,
				C96380F41D07185400C8781D /* Assets.xcassets in Resources */,
				C96381651D07427D00C8781D /* Main.storyboard in Resources */,
				C96380F81D07185400C8781D /* Main.storyboard in Resources */,
				C96380E21D07185400C8781D /* KSLabelViewController.xib in Resources */,
				C96381621D07427D00C8781D /* LaunchScreen.storyboard in Resources */,
				C96380E61D07185400C8781D /* KSUserViewCell.xib in Resources */,
			);
			runOnlyForDeploymentPostprocessing = 0;
		};
		C97ABD521C831385003A4E3C /* Resources */ = {
			isa = PBXResourcesBuildPhase;
			buildActionMask = 2147483647;
			files = (
				C96381731D0742C100C8781D /* LaunchScreen.storyboard in Resources */,
				C963815D1D07427D00C8781D /* Assets.xcassets in Resources */,
			);
			runOnlyForDeploymentPostprocessing = 0;
		};
/* End PBXResourcesBuildPhase section */

/* Begin PBXSourcesBuildPhase section */
		C94C66E91C775E2B00B59836 /* Sources */ = {
			isa = PBXSourcesBuildPhase;
			buildActionMask = 2147483647;
			files = (
				C992544C1C7E38E20067DABA /* KSCreatureTest.m in Sources */,
				C9D7BCDE1CBE786800F5DE57 /* KSObserverObject.m in Sources */,
				C93F0E671C95A55B00DB3FEC /* KSBoss.m in Sources */,
				C94F38E01CC51E30006229E1 /* KSDispatch.m in Sources */,
				C93F0E6C1C95A59D00DB3FEC /* KSAccountant.m in Sources */,
				C97088E91C98476F003B6E6D /* KSObserver.m in Sources */,
				C96AF3C41CB5A1490019C743 /* KSDispatcher.m in Sources */,
				C95BED401C79C6DE00E853F6 /* KSCreatureFemale.m in Sources */,
				C9789FD51C904CD20066530A /* KSEnterprise.m in Sources */,
				C94C670C1C775F0A00B59836 /* KSCreature.m in Sources */,
				C94C670E1C775F0A00B59836 /* main.m in Sources */,
				C93F0E621C95A53400DB3FEC /* KSCarsWasher.m in Sources */,
				C93D4C931CB0557A00E832A7 /* KSQueue.m in Sources */,
				C95BED3D1C79C6BF00E853F6 /* KSCreatureMale.m in Sources */,
				C978A0791C905EBA0066530A /* KSCar.m in Sources */,
				C9D7BCD41CBE781000F5DE57 /* KSObserverDictionary.m in Sources */,
				C978A07E1C906E590066530A /* KSEmployee.m in Sources */,
				C9CC74CE1C7F578400E2F161 /* NSObject+KSExtension.m in Sources */,
				C9D7BCD91CBE784000F5DE57 /* KSObserverArray.m in Sources */,
			);
			runOnlyForDeploymentPostprocessing = 0;
		};
		C94C75471CC6800C008014FB /* Sources */ = {
			isa = PBXSourcesBuildPhase;
			buildActionMask = 2147483647;
			files = (
				C96381471D07261100C8781D /* UIViewController+KSExtensions.m in Sources */,
				C96380DD1D07185400C8781D /* KSLabelView.m in Sources */,
				C96380ED1D07185400C8781D /* KSLoadingView.m in Sources */,
				C96380CD1D07185400C8781D /* KSArrayModel.m in Sources */,
				C94BDA5C1CEE473200E8F4FB /* KSDispatch.m in Sources */,
				C96380E71D07185400C8781D /* KSUserView.m in Sources */,
				C963813E1D07261100C8781D /* NSString+KSExtension.m in Sources */,
				C963813B1D07261100C8781D /* NSObject+KSExtension.m in Sources */,
				C96380FB1D07185400C8781D /* main.m in Sources */,
				C96380DB1D07185400C8781D /* KSStringModel.m in Sources */,
				C96380F91D07185400C8781D /* KSAppDelegate.m in Sources */,
				C96380D71D07185400C8781D /* KSModel.m in Sources */,
				C96381321D07261100C8781D /* CGGeometry+KSExtensions.m in Sources */,
				C96380D31D07185400C8781D /* KSImageModel.m in Sources */,
				C96381441D07261100C8781D /* UITableView+KSExtensions.m in Sources */,
				C96381381D07261100C8781D /* NSFileManager+KSExtensions.m in Sources */,
				C96380DF1D07185400C8781D /* KSLabelViewController.m in Sources */,
				C94F7EA41CE32CF80085E97B /* KSObserverObject.m in Sources */,
				C96380E31D07185400C8781D /* KSUserViewCell.m in Sources */,
				C94F7EA21CE32CF00085E97B /* KSObserverDictionary.m in Sources */,
				C96380F11D07185400C8781D /* KSView.m in Sources */,
				C96380D51D07185400C8781D /* KSImageView.m in Sources */,
				C96380CB1D07185400C8781D /* KSAlphabetString.m in Sources */,
				C96381351D07261100C8781D /* NSBundle+KSExtensions.m in Sources */,
				C96380D91D07185400C8781D /* KSStateModel.m in Sources */,
				C96380D11D07185400C8781D /* KSCache.m in Sources */,
				C96380C91D07185400C8781D /* KSAlphabetRange.m in Sources */,
				C963814A1D07261100C8781D /* UIWindow+KSExtension.m in Sources */,
				C96380CF1D07185400C8781D /* KSArrayModelManager.m in Sources */,
				C94F7EA11CE32CE90085E97B /* KSObserver.m in Sources */,
				C96380C51D07185400C8781D /* KSAlphabet.m in Sources */,
				C94F7EA31CE32CF40085E97B /* KSObserverArray.m in Sources */,
				C96380E91D07185400C8781D /* KSUserViewController.m in Sources */,
				C96380C71D07185400C8781D /* KSAlphabetCluster.m in Sources */,
				C96381411D07261100C8781D /* UINib+KSExtensions.m in Sources */,
			);
			runOnlyForDeploymentPostprocessing = 0;
		};
		C96380291D0711C800C8781D /* Sources */ = {
			isa = PBXSourcesBuildPhase;
			buildActionMask = 2147483647;
			files = (
				C96381361D07261100C8781D /* NSBundle+KSExtensions.m in Sources */,
				C96380C81D07185400C8781D /* KSAlphabetCluster.m in Sources */,
				C96381331D07261100C8781D /* CGGeometry+KSExtensions.m in Sources */,
				C96380CE1D07185400C8781D /* KSArrayModel.m in Sources */,
				C96380D61D07185400C8781D /* KSImageView.m in Sources */,
				C96380EE1D07185400C8781D /* KSLoadingView.m in Sources */,
				C963816B1D07427D00C8781D /* main.m in Sources */,
				C96381421D07261100C8781D /* UINib+KSExtensions.m in Sources */,
				C963813C1D07261100C8781D /* NSObject+KSExtension.m in Sources */,
				C96380CC1D07185400C8781D /* KSAlphabetString.m in Sources */,
				C96380F21D07185400C8781D /* KSView.m in Sources */,
				C96381721D0742B200C8781D /* AppDelegate.m in Sources */,
				C96380D21D07185400C8781D /* KSCache.m in Sources */,
				C96380FC1D07185400C8781D /* main.m in Sources */,
				C96380CA1D07185400C8781D /* KSAlphabetRange.m in Sources */,
				C96381391D07261100C8781D /* NSFileManager+KSExtensions.m in Sources */,
				C96380D01D07185400C8781D /* KSArrayModelManager.m in Sources */,
				C96381481D07261100C8781D /* UIViewController+KSExtensions.m in Sources */,
				C963814B1D07261100C8781D /* UIWindow+KSExtension.m in Sources */,
				C96380D41D07185400C8781D /* KSImageModel.m in Sources */,
				C96380E81D07185400C8781D /* KSUserView.m in Sources */,
				C96380D81D07185400C8781D /* KSModel.m in Sources */,
				C96380DE1D07185400C8781D /* KSLabelView.m in Sources */,
				C96380C61D07185400C8781D /* KSAlphabet.m in Sources */,
				C96380FA1D07185400C8781D /* KSAppDelegate.m in Sources */,
				C96380DC1D07185400C8781D /* KSStringModel.m in Sources */,
				C96380E01D07185400C8781D /* KSLabelViewController.m in Sources */,
				C963813F1D07261100C8781D /* NSString+KSExtension.m in Sources */,
				C96380E41D07185400C8781D /* KSUserViewCell.m in Sources */,
				C96380DA1D07185400C8781D /* KSStateModel.m in Sources */,
				C96380EA1D07185400C8781D /* KSUserViewController.m in Sources */,
				C96381451D07261100C8781D /* UITableView+KSExtensions.m in Sources */,
			);
			runOnlyForDeploymentPostprocessing = 0;
		};
		C97ABD501C831385003A4E3C /* Sources */ = {
			isa = PBXSourcesBuildPhase;
			buildActionMask = 2147483647;
			files = (
				C96381341D07261100C8781D /* NSBundle+KSExtensions.m in Sources */,
				C96381431D07261100C8781D /* UITableView+KSExtensions.m in Sources */,
				C97ABD611C8313DF003A4E3C /* KSCreature.m in Sources */,
				C9D7BCDA1CBE784000F5DE57 /* KSObserverArray.m in Sources */,
				C96381461D07261100C8781D /* UIViewController+KSExtensions.m in Sources */,
				C96381371D07261100C8781D /* NSFileManager+KSExtensions.m in Sources */,
				C9789FD61C904CD20066530A /* KSEnterprise.m in Sources */,
				C96381401D07261100C8781D /* UINib+KSExtensions.m in Sources */,
				C96381311D07261100C8781D /* CGGeometry+KSExtensions.m in Sources */,
				C96381491D07261100C8781D /* UIWindow+KSExtension.m in Sources */,
				C963813D1D07261100C8781D /* NSString+KSExtension.m in Sources */,
				C97ABD5E1C8313D5003A4E3C /* KSCreatureTest.m in Sources */,
				C978A07F1C906E590066530A /* KSEmployee.m in Sources */,
				C97ABD5F1C8313D9003A4E3C /* KSCreatureFemale.m in Sources */,
				C93D4C941CB0557A00E832A7 /* KSQueue.m in Sources */,
				C9D7BCD51CBE781000F5DE57 /* KSObserverDictionary.m in Sources */,
				C93F0E6D1C95A59D00DB3FEC /* KSAccountant.m in Sources */,
				C94494651CB166100082145C /* TestKSCarWasher.m in Sources */,
				C9D7BCDF1CBE786800F5DE57 /* KSObserverObject.m in Sources */,
				C97ABD571C831385003A4E3C /* TestObjC.m in Sources */,
				C93F0E681C95A55B00DB3FEC /* KSBoss.m in Sources */,
				C96AF3C51CB5A1490019C743 /* KSDispatcher.m in Sources */,
				C93F0E631C95A53400DB3FEC /* KSCarsWasher.m in Sources */,
				C978A07A1C905EBA0066530A /* KSCar.m in Sources */,
				C97ABD5C1C8313CF003A4E3C /* NSObject+KSExtension.m in Sources */,
				C97ABD621C8313E3003A4E3C /* main.m in Sources */,
				C97088EA1C98476F003B6E6D /* KSObserver.m in Sources */,
				C97ABD601C8313DC003A4E3C /* KSCreatureMale.m in Sources */,
				C963813A1D07261100C8781D /* NSObject+KSExtension.m in Sources */,
			);
			runOnlyForDeploymentPostprocessing = 0;
		};
		C993CAD11C32D2C600593631 /* Sources */ = {
			isa = PBXSourcesBuildPhase;
			buildActionMask = 2147483647;
			files = (
			);
			runOnlyForDeploymentPostprocessing = 0;
		};
/* End PBXSourcesBuildPhase section */

/* Begin PBXVariantGroup section */
		C96380A61D07185400C8781D /* LaunchScreen.storyboard */ = {
			isa = PBXVariantGroup;
			children = (
				C96380A71D07185400C8781D /* Base */,
			);
			name = LaunchScreen.storyboard;
			sourceTree = "<group>";
		};
		C96380A81D07185400C8781D /* Main.storyboard */ = {
			isa = PBXVariantGroup;
			children = (
				C96380A91D07185400C8781D /* Base */,
			);
			name = Main.storyboard;
			sourceTree = "<group>";
		};
		C96381521D07427D00C8781D /* LaunchScreen.storyboard */ = {
			isa = PBXVariantGroup;
			children = (
				C96381531D07427D00C8781D /* Base */,
			);
			name = LaunchScreen.storyboard;
			sourceTree = "<group>";
		};
		C96381541D07427D00C8781D /* Main.storyboard */ = {
			isa = PBXVariantGroup;
			children = (
				C96381551D07427D00C8781D /* Base */,
			);
			name = Main.storyboard;
			sourceTree = "<group>";
		};
/* End PBXVariantGroup section */

/* Begin XCBuildConfiguration section */
		C94C66F21C775E2B00B59836 /* Debug */ = {
			isa = XCBuildConfiguration;
			buildSettings = {
				CLANG_ENABLE_OBJC_ARC = NO;
				CLANG_ENABLE_OBJC_WEAK = YES;
				GCC_PRECOMPILE_PREFIX_HEADER = YES;
				GCC_PREFIX_HEADER = "$(PROJECT_DIR)/KSIdapStudy/ObjC/Supporting Files/KSIdapStudy-Prefix.pch";
				MACOSX_DEPLOYMENT_TARGET = 10.10;
				PRODUCT_NAME = "$(TARGET_NAME)";
			};
			name = Debug;
		};
		C94C66F31C775E2B00B59836 /* Release */ = {
			isa = XCBuildConfiguration;
			buildSettings = {
				CLANG_ENABLE_OBJC_ARC = NO;
				CLANG_ENABLE_OBJC_WEAK = YES;
				GCC_PRECOMPILE_PREFIX_HEADER = YES;
				GCC_PREFIX_HEADER = "$(PROJECT_DIR)/KSIdapStudy/ObjC/Supporting Files/KSIdapStudy-Prefix.pch";
				MACOSX_DEPLOYMENT_TARGET = 10.10;
				PRODUCT_NAME = "$(TARGET_NAME)";
			};
			name = Release;
		};
		C94C755F1CC6800C008014FB /* Debug */ = {
			isa = XCBuildConfiguration;
			buildSettings = {
				ASSETCATALOG_COMPILER_APPICON_NAME = AppIcon;
				CLANG_ANALYZER_NONNULL = YES;
				"CODE_SIGN_IDENTITY[sdk=iphoneos*]" = "iPhone Developer";
				GCC_PRECOMPILE_PREFIX_HEADER = YES;
				GCC_PREFIX_HEADER = "/Users/kulikovs/Documents/Lessons/IdapStudy/KSIdapStudy/KSIdapStudy/Library/KSIOSProject-Prefix.pch";
				INFOPLIST_FILE = "$(SRCROOT)/KSIdapStudy/IOSProject/Supporting Files/Info.plist";
				IPHONEOS_DEPLOYMENT_TARGET = 8.0;
				LD_RUNPATH_SEARCH_PATHS = "$(inherited) @executable_path/Frameworks";
				PRODUCT_BUNDLE_IDENTIFIER = com.KS.IOSProject;
				PRODUCT_NAME = "$(TARGET_NAME)";
				SDKROOT = iphoneos;
				TARGETED_DEVICE_FAMILY = 1;
			};
			name = Debug;
		};
		C94C75601CC6800C008014FB /* Release */ = {
			isa = XCBuildConfiguration;
			buildSettings = {
				ASSETCATALOG_COMPILER_APPICON_NAME = AppIcon;
				CLANG_ANALYZER_NONNULL = YES;
				"CODE_SIGN_IDENTITY[sdk=iphoneos*]" = "iPhone Developer";
				GCC_PRECOMPILE_PREFIX_HEADER = YES;
				GCC_PREFIX_HEADER = "/Users/kulikovs/Documents/Lessons/IdapStudy/KSIdapStudy/KSIdapStudy/Library/KSIOSProject-Prefix.pch";
				INFOPLIST_FILE = "$(SRCROOT)/KSIdapStudy/IOSProject/Supporting Files/Info.plist";
				IPHONEOS_DEPLOYMENT_TARGET = 8.0;
				LD_RUNPATH_SEARCH_PATHS = "$(inherited) @executable_path/Frameworks";
				PRODUCT_BUNDLE_IDENTIFIER = com.KS.IOSProject;
				PRODUCT_NAME = "$(TARGET_NAME)";
				SDKROOT = iphoneos;
				TARGETED_DEVICE_FAMILY = 1;
				VALIDATE_PRODUCT = YES;
			};
			name = Release;
		};
		C96380411D0711C800C8781D /* Debug */ = {
			isa = XCBuildConfiguration;
			buildSettings = {
				ASSETCATALOG_COMPILER_APPICON_NAME = AppIcon;
				CLANG_ANALYZER_NONNULL = YES;
				"CODE_SIGN_IDENTITY[sdk=iphoneos*]" = "iPhone Developer";
				GCC_PRECOMPILE_PREFIX_HEADER = YES;
				GCC_PREFIX_HEADER = "Users/kulikovs/Documents/Lessons/IdapStudy/KSIdapStudy/KSIdapStudy/Library/KSIOSProject-Prefix.pch";
				INFOPLIST_FILE = "$(SRCROOT)/KSIdapStudy/FBProject/Info.plist";
				IPHONEOS_DEPLOYMENT_TARGET = 9.0;
				LD_RUNPATH_SEARCH_PATHS = "$(inherited) @executable_path/Frameworks";
				PRODUCT_BUNDLE_IDENTIFIER = com.KS.FBProject;
				PRODUCT_NAME = "$(TARGET_NAME)";
				SDKROOT = iphoneos;
				TARGETED_DEVICE_FAMILY = 1;
			};
			name = Debug;
		};
		C96380421D0711C800C8781D /* Release */ = {
			isa = XCBuildConfiguration;
			buildSettings = {
				ASSETCATALOG_COMPILER_APPICON_NAME = AppIcon;
				CLANG_ANALYZER_NONNULL = YES;
				"CODE_SIGN_IDENTITY[sdk=iphoneos*]" = "iPhone Developer";
				GCC_PRECOMPILE_PREFIX_HEADER = YES;
				GCC_PREFIX_HEADER = "Users/kulikovs/Documents/Lessons/IdapStudy/KSIdapStudy/KSIdapStudy/Library/KSIOSProject-Prefix.pch";
				INFOPLIST_FILE = "$(SRCROOT)/KSIdapStudy/FBProject/Info.plist";
				IPHONEOS_DEPLOYMENT_TARGET = 9.0;
				LD_RUNPATH_SEARCH_PATHS = "$(inherited) @executable_path/Frameworks";
				PRODUCT_BUNDLE_IDENTIFIER = com.KS.FBProject;
				PRODUCT_NAME = "$(TARGET_NAME)";
				SDKROOT = iphoneos;
				TARGETED_DEVICE_FAMILY = 1;
				VALIDATE_PRODUCT = YES;
			};
			name = Release;
		};
		C97ABD5A1C831385003A4E3C /* Debug */ = {
			isa = XCBuildConfiguration;
			buildSettings = {
				CLANG_ENABLE_OBJC_ARC = NO;
				COMBINE_HIDPI_IMAGES = YES;
				GCC_PRECOMPILE_PREFIX_HEADER = YES;
				GCC_PREFIX_HEADER = "$(PROJECT_DIR)/KSIdapStudy/ObjC/Supporting Files/KSIdapStudy-Prefix.pch";
				INFOPLIST_FILE = TestObjC/Info.plist;
				LD_RUNPATH_SEARCH_PATHS = "$(inherited) @executable_path/../Frameworks @loader_path/../Frameworks";
				PRODUCT_BUNDLE_IDENTIFIER = KS.TestObjC;
				PRODUCT_NAME = "$(TARGET_NAME)";
			};
			name = Debug;
		};
		C97ABD5B1C831385003A4E3C /* Release */ = {
			isa = XCBuildConfiguration;
			buildSettings = {
				CLANG_ENABLE_OBJC_ARC = NO;
				COMBINE_HIDPI_IMAGES = YES;
				GCC_PRECOMPILE_PREFIX_HEADER = YES;
				GCC_PREFIX_HEADER = "$(PROJECT_DIR)/KSIdapStudy/ObjC/Supporting Files/KSIdapStudy-Prefix.pch";
				INFOPLIST_FILE = TestObjC/Info.plist;
				LD_RUNPATH_SEARCH_PATHS = "$(inherited) @executable_path/../Frameworks @loader_path/../Frameworks";
				PRODUCT_BUNDLE_IDENTIFIER = KS.TestObjC;
				PRODUCT_NAME = "$(TARGET_NAME)";
			};
			name = Release;
		};
		C993CADA1C32D2C600593631 /* Debug */ = {
			isa = XCBuildConfiguration;
			buildSettings = {
				ALWAYS_SEARCH_USER_PATHS = NO;
				CLANG_CXX_LANGUAGE_STANDARD = "gnu++0x";
				CLANG_CXX_LIBRARY = "libc++";
				CLANG_ENABLE_MODULES = YES;
				CLANG_ENABLE_OBJC_ARC = YES;
				CLANG_WARN_BOOL_CONVERSION = YES;
				CLANG_WARN_CONSTANT_CONVERSION = YES;
				CLANG_WARN_DIRECT_OBJC_ISA_USAGE = YES_ERROR;
				CLANG_WARN_EMPTY_BODY = YES;
				CLANG_WARN_ENUM_CONVERSION = YES;
				CLANG_WARN_INT_CONVERSION = YES;
				CLANG_WARN_OBJC_ROOT_CLASS = YES_ERROR;
				CLANG_WARN_UNREACHABLE_CODE = YES;
				CLANG_WARN__DUPLICATE_METHOD_MATCH = YES;
				CODE_SIGN_IDENTITY = "-";
				COPY_PHASE_STRIP = NO;
				DEBUG_INFORMATION_FORMAT = dwarf;
				ENABLE_STRICT_OBJC_MSGSEND = YES;
				ENABLE_TESTABILITY = YES;
				GCC_C_LANGUAGE_STANDARD = gnu99;
				GCC_DYNAMIC_NO_PIC = NO;
				GCC_NO_COMMON_BLOCKS = YES;
				GCC_OPTIMIZATION_LEVEL = 0;
				GCC_PREPROCESSOR_DEFINITIONS = (
					"DEBUG=1",
					"$(inherited)",
				);
				GCC_WARN_64_TO_32_BIT_CONVERSION = YES;
				GCC_WARN_ABOUT_RETURN_TYPE = YES_ERROR;
				GCC_WARN_UNDECLARED_SELECTOR = YES;
				GCC_WARN_UNINITIALIZED_AUTOS = YES_AGGRESSIVE;
				GCC_WARN_UNUSED_FUNCTION = YES;
				GCC_WARN_UNUSED_VARIABLE = YES;
				MACOSX_DEPLOYMENT_TARGET = 10.11;
				MTL_ENABLE_DEBUG_INFO = YES;
				ONLY_ACTIVE_ARCH = YES;
				SDKROOT = macosx;
			};
			name = Debug;
		};
		C993CADB1C32D2C600593631 /* Release */ = {
			isa = XCBuildConfiguration;
			buildSettings = {
				ALWAYS_SEARCH_USER_PATHS = NO;
				CLANG_CXX_LANGUAGE_STANDARD = "gnu++0x";
				CLANG_CXX_LIBRARY = "libc++";
				CLANG_ENABLE_MODULES = YES;
				CLANG_ENABLE_OBJC_ARC = YES;
				CLANG_WARN_BOOL_CONVERSION = YES;
				CLANG_WARN_CONSTANT_CONVERSION = YES;
				CLANG_WARN_DIRECT_OBJC_ISA_USAGE = YES_ERROR;
				CLANG_WARN_EMPTY_BODY = YES;
				CLANG_WARN_ENUM_CONVERSION = YES;
				CLANG_WARN_INT_CONVERSION = YES;
				CLANG_WARN_OBJC_ROOT_CLASS = YES_ERROR;
				CLANG_WARN_UNREACHABLE_CODE = YES;
				CLANG_WARN__DUPLICATE_METHOD_MATCH = YES;
				CODE_SIGN_IDENTITY = "-";
				COPY_PHASE_STRIP = NO;
				DEBUG_INFORMATION_FORMAT = "dwarf-with-dsym";
				ENABLE_NS_ASSERTIONS = NO;
				ENABLE_STRICT_OBJC_MSGSEND = YES;
				GCC_C_LANGUAGE_STANDARD = gnu99;
				GCC_NO_COMMON_BLOCKS = YES;
				GCC_WARN_64_TO_32_BIT_CONVERSION = YES;
				GCC_WARN_ABOUT_RETURN_TYPE = YES_ERROR;
				GCC_WARN_UNDECLARED_SELECTOR = YES;
				GCC_WARN_UNINITIALIZED_AUTOS = YES_AGGRESSIVE;
				GCC_WARN_UNUSED_FUNCTION = YES;
				GCC_WARN_UNUSED_VARIABLE = YES;
				MACOSX_DEPLOYMENT_TARGET = 10.11;
				MTL_ENABLE_DEBUG_INFO = NO;
				SDKROOT = macosx;
			};
			name = Release;
		};
		C993CADD1C32D2C600593631 /* Debug */ = {
			isa = XCBuildConfiguration;
			buildSettings = {
				MACOSX_DEPLOYMENT_TARGET = 10.10;
				PRODUCT_NAME = "$(TARGET_NAME)";
			};
			name = Debug;
		};
		C993CADE1C32D2C600593631 /* Release */ = {
			isa = XCBuildConfiguration;
			buildSettings = {
				MACOSX_DEPLOYMENT_TARGET = 10.10;
				PRODUCT_NAME = "$(TARGET_NAME)";
			};
			name = Release;
		};
/* End XCBuildConfiguration section */

/* Begin XCConfigurationList section */
		C94C66F11C775E2B00B59836 /* Build configuration list for PBXNativeTarget "ObjC" */ = {
			isa = XCConfigurationList;
			buildConfigurations = (
				C94C66F21C775E2B00B59836 /* Debug */,
				C94C66F31C775E2B00B59836 /* Release */,
			);
			defaultConfigurationIsVisible = 0;
			defaultConfigurationName = Release;
		};
		C94C75611CC6800C008014FB /* Build configuration list for PBXNativeTarget "IOSProject" */ = {
			isa = XCConfigurationList;
			buildConfigurations = (
				C94C755F1CC6800C008014FB /* Debug */,
				C94C75601CC6800C008014FB /* Release */,
			);
			defaultConfigurationIsVisible = 0;
			defaultConfigurationName = Release;
		};
		C96380431D0711C800C8781D /* Build configuration list for PBXNativeTarget "FBProject" */ = {
			isa = XCConfigurationList;
			buildConfigurations = (
				C96380411D0711C800C8781D /* Debug */,
				C96380421D0711C800C8781D /* Release */,
			);
			defaultConfigurationIsVisible = 0;
			defaultConfigurationName = Release;
		};
		C97ABD591C831385003A4E3C /* Build configuration list for PBXNativeTarget "TestObjC" */ = {
			isa = XCConfigurationList;
			buildConfigurations = (
				C97ABD5A1C831385003A4E3C /* Debug */,
				C97ABD5B1C831385003A4E3C /* Release */,
			);
			defaultConfigurationIsVisible = 0;
			defaultConfigurationName = Release;
		};
		C993CAD01C32D2C600593631 /* Build configuration list for PBXProject "KSIdapStudy" */ = {
			isa = XCConfigurationList;
			buildConfigurations = (
				C993CADA1C32D2C600593631 /* Debug */,
				C993CADB1C32D2C600593631 /* Release */,
			);
			defaultConfigurationIsVisible = 0;
			defaultConfigurationName = Release;
		};
		C993CADC1C32D2C600593631 /* Build configuration list for PBXNativeTarget "С" */ = {
			isa = XCConfigurationList;
			buildConfigurations = (
				C993CADD1C32D2C600593631 /* Debug */,
				C993CADE1C32D2C600593631 /* Release */,
			);
			defaultConfigurationIsVisible = 0;
			defaultConfigurationName = Release;
		};
/* End XCConfigurationList section */
	};
	rootObject = C993CACD1C32D2C600593631 /* Project object */;
}
